
Microsoft Visual Studio Solution File, Format Version 12.00
# Visual Studio Version 16
VisualStudioVersion = 16.0.29613.14
MinimumVisualStudioVersion = 10.0.40219.1
Project("{FAE04EC0-301F-11D3-BF4B-00C04F79EFBC}") = "058_Func1", "058_Func1\058_Func1.csproj", "{3B69F601-B6D0-4130-A9BF-C4C9975DBE93}"
EndProject
Project("{FAE04EC0-301F-11D3-BF4B-00C04F79EFBC}") = "059_Func2", "059_Func2\059_Func2.csproj", "{A7F8361C-6799-4484-87A9-A613927D1D12}"
EndProject
Project("{FAE04EC0-301F-11D3-BF4B-00C04F79EFBC}") = "060_Func3", "060_Func3\060_Func3.csproj", "{A527743B-E241-4C17-ABC0-D50D4A0107F3}"
EndProject
Project("{FAE04EC0-301F-11D3-BF4B-00C04F79EFBC}") = "061_Func4", "061_Func4\061_Func4.csproj", "{36E2402A-DB85-4DB7-91C2-7EDE59D6FACD}"
EndProject
Project("{FAE04EC0-301F-11D3-BF4B-00C04F79EFBC}") = "062_FuncSwap", "062_FuncSwap\062_FuncSwap.csproj", "{59316D51-A600-4431-B6CB-9FE724E05942}"
EndProject
Project("{FAE04EC0-301F-11D3-BF4B-00C04F79EFBC}") = "063_Func_out", "063_Func_out\063_Func_out.csproj", "{C299B954-4E0C-4E48-962E-9F4117C55F7D}"
EndProject
Project("{FAE04EC0-301F-11D3-BF4B-00C04F79EFBC}") = "064_Func_default", "064_Func_default\064_Func_default.csproj", "{344DF39F-A6AF-4030-8C9F-8481171CE4AF}"
EndProject
Project("{FAE04EC0-301F-11D3-BF4B-00C04F79EFBC}") = "065_Func_Overloading", "065_Func_Overloading\065_Func_Overloading.csproj", "{EE595B2A-A2FC-40C7-A643-A5508BE282B5}"
EndProject
Project("{FAE04EC0-301F-11D3-BF4B-00C04F79EFBC}") = "066_Func_params", "066_Func_params\066_Func_params.csproj", "{C7B1E1BB-9371-4569-B3A5-18CFAE6C0E12}"
EndProject
Project("{FAE04EC0-301F-11D3-BF4B-00C04F79EFBC}") = "067_Check", "067_Check\067_Check.csproj", "{2C81B218-D07D-422D-A247-3719E49BBAEE}"
EndProject
Project("{FAE04EC0-301F-11D3-BF4B-00C04F79EFBC}") = "068_1_Array_Init2", "068_1_Array_Init2\068_1_Array_Init2.csproj", "{80C4B719-153C-4A49-BFD1-AB6BB8DAE3D9}"
EndProject
Project("{FAE04EC0-301F-11D3-BF4B-00C04F79EFBC}") = "068_Array_Init", "068_Array_Init\068_Array_Init.csproj", "{A0ADBD2B-3D32-47FA-8D21-70DEC971899D}"
EndProject
Project("{FAE04EC0-301F-11D3-BF4B-00C04F79EFBC}") = "069_Array_Multi", "069_Array_Multi\069_Array_Multi.csproj", "{82F13A1E-7BD1-482A-906A-BBD6667F2E0B}"
EndProject
Project("{FAE04EC0-301F-11D3-BF4B-00C04F79EFBC}") = "070_Array_Multi2", "070_Array_Multi2\070_Array_Multi2.csproj", "{2BDC1DE3-1160-41B7-B91A-59DA75851933}"
EndProject
Project("{FAE04EC0-301F-11D3-BF4B-00C04F79EFBC}") = "071_Array_Flex", "071_Array_Flex\071_Array_Flex.csproj", "{C0C0B28B-B9F3-4488-833C-836D4BA797FC}"
EndProject
Project("{FAE04EC0-301F-11D3-BF4B-00C04F79EFBC}") = "072_Array_Func1", "072_Array_Func1\072_Array_Func1.csproj", "{3E5089E4-458E-4FE3-8F4C-42FE3C0A7089}"
EndProject
Project("{FAE04EC0-301F-11D3-BF4B-00C04F79EFBC}") = "073_Array_Func2", "073_Array_Func2\073_Array_Func2.csproj", "{D46BE599-2678-4AB8-886B-8B745C044570}"
EndProject
Project("{FAE04EC0-301F-11D3-BF4B-00C04F79EFBC}") = "074_Array_Clear", "074_Array_Clear\074_Array_Clear.csproj", "{3CCB75F2-95FC-4E0A-8AFD-05BAD690AB79}"
EndProject
Project("{FAE04EC0-301F-11D3-BF4B-00C04F79EFBC}") = "075_Check", "075_Check\075_Check.csproj", "{C2046D48-A78B-4A73-85E0-94502D790FDF}"
EndProject
Project("{FAE04EC0-301F-11D3-BF4B-00C04F79EFBC}") = "076_Check", "076_Check\076_Check.csproj", "{76552336-A9CB-4115-9DF8-4042BD461341}"
EndProject
Project("{FAE04EC0-301F-11D3-BF4B-00C04F79EFBC}") = "077_class", "077_class\077_class.csproj", "{E08446CB-6283-4B68-8C19-65E4375E4245}"
EndProject
Project("{FAE04EC0-301F-11D3-BF4B-00C04F79EFBC}") = "078_Constructor", "078_Constructor\078_Constructor.csproj", "{E9F6C208-D63B-48C9-AF3B-1436EE3EC06C}"
EndProject
Project("{FAE04EC0-301F-11D3-BF4B-00C04F79EFBC}") = "079_this", "079_this\079_this.csproj", "{64D402B8-A0FB-4301-9B9B-708344AF6041}"
EndProject
Project("{FAE04EC0-301F-11D3-BF4B-00C04F79EFBC}") = "080_static", "080_static\080_static.csproj", "{76351044-049E-4C9A-8F52-D95847DFD3B5}"
EndProject
Project("{FAE04EC0-301F-11D3-BF4B-00C04F79EFBC}") = "081_class parameter", "081_class parameter\081_class parameter.csproj", "{4F81FF09-6987-490A-88BF-54FF8D0D9E24}"
EndProject
Project("{FAE04EC0-301F-11D3-BF4B-00C04F79EFBC}") = "082_as", "082_as\082_as.csproj", "{BD0BAD9C-4A48-4828-B66B-C3836D92333D}"
EndProject
Project("{FAE04EC0-301F-11D3-BF4B-00C04F79EFBC}") = "083_override", "083_override\083_override.csproj", "{A701E1B0-5873-4DE6-9665-ECAB380C9C58}"
EndProject
Project("{FAE04EC0-301F-11D3-BF4B-00C04F79EFBC}") = "084_override2", "084_override2\084_override2.csproj", "{65D1DBC6-5E46-48ED-8884-0F5AB2AA83F3}"
EndProject
Project("{FAE04EC0-301F-11D3-BF4B-00C04F79EFBC}") = "085_class_has-a", "085_class_has-a\085_class_has-a.csproj", "{856DCBF7-9B25-4018-AC9D-062AE66CD857}"
EndProject
Project("{FAE04EC0-301F-11D3-BF4B-00C04F79EFBC}") = "086_partial", "086_partial\086_partial.csproj", "{20D177B2-ED2D-4BE7-9AD8-906FB8BD36D7}"
EndProject
Project("{FAE04EC0-301F-11D3-BF4B-00C04F79EFBC}") = "087_extension", "087_extension\087_extension.csproj", "{E819F465-DECD-4099-AC92-08868C0D356B}"
EndProject
Project("{FAE04EC0-301F-11D3-BF4B-00C04F79EFBC}") = "089_interface", "089_interface\089_interface.csproj", "{8074EEC1-76F8-47F1-8394-C3EAE205DDBD}"
EndProject
Project("{FAE04EC0-301F-11D3-BF4B-00C04F79EFBC}") = "090_abstract", "090_abstract\090_abstract.csproj", "{5CF786AA-6351-4FB6-9FED-9253F9E14800}"
EndProject
Project("{FAE04EC0-301F-11D3-BF4B-00C04F79EFBC}") = "101_Check", "101_Check\101_Check.csproj", "{520FE933-494A-4D1B-AE85-44D2D5D82165}"
EndProject
Project("{FAE04EC0-301F-11D3-BF4B-00C04F79EFBC}") = "102_Check", "102_Check\102_Check.csproj", "{5467C141-EFF2-4B78-BB57-F8838AAE13BA}"
EndProject
Project("{FAE04EC0-301F-11D3-BF4B-00C04F79EFBC}") = "103_GenericFunc", "103_GenericFunc\103_GenericFunc.csproj", "{801A8901-AA37-4880-A5E6-3A92D1C65178}"
EndProject
Project("{FAE04EC0-301F-11D3-BF4B-00C04F79EFBC}") = "104_GenericClass", "104_GenericClass\104_GenericClass.csproj", "{7DEB9802-F61E-413D-BABC-3A90877B3DE9}"
EndProject
Project("{FAE04EC0-301F-11D3-BF4B-00C04F79EFBC}") = "105_dynamic", "105_dynamic\105_dynamic.csproj", "{C1BE2FB7-8F1D-422C-80B3-B2D87E8488FB}"
EndProject
Project("{FAE04EC0-301F-11D3-BF4B-00C04F79EFBC}") = "106_where", "106_where\106_where.csproj", "{0A4BF47E-D652-45D3-B8BF-30B441F68C62}"
EndProject
Project("{FAE04EC0-301F-11D3-BF4B-00C04F79EFBC}") = "107_List", "107_List\107_List.csproj", "{4BA97B58-47CE-405A-B80C-D032F1200492}"
EndProject
Project("{FAE04EC0-301F-11D3-BF4B-00C04F79EFBC}") = "108_Queue", "108_Queue\108_Queue.csproj", "{180C90DB-7E85-457A-AC01-85E9BFE9A956}"
EndProject
Project("{FAE04EC0-301F-11D3-BF4B-00C04F79EFBC}") = "109_Stack", "109_Stack\109_Stack.csproj", "{A1A7CF31-FB93-45BD-935A-3141191D9FC6}"
EndProject
Project("{FAE04EC0-301F-11D3-BF4B-00C04F79EFBC}") = "110_Dictionary", "110_Dictionary\110_Dictionary.csproj", "{C36C0904-9893-4763-80F1-99475EF52B86}"
EndProject
Project("{FAE04EC0-301F-11D3-BF4B-00C04F79EFBC}") = "111_try_catch", "111_try_catch\111_try_catch.csproj", "{635BF458-EFD7-43DC-ACD1-5BC4B6276E4B}"
EndProject
Project("{FAE04EC0-301F-11D3-BF4B-00C04F79EFBC}") = "112_Exception", "112_Exception\112_Exception.csproj", "{67B8C899-B5FA-46DB-9845-92409BCAB0A1}"
EndProject
Project("{FAE04EC0-301F-11D3-BF4B-00C04F79EFBC}") = "113_throw", "113_throw\113_throw.csproj", "{C1108A77-1630-454C-AE2F-2B9FA7E8E103}"
EndProject
Project("{FAE04EC0-301F-11D3-BF4B-00C04F79EFBC}") = "114_finally", "114_finally\114_finally.csproj", "{7C1505DC-9D08-4C33-B8ED-53A17989B41A}"
EndProject
Project("{FAE04EC0-301F-11D3-BF4B-00C04F79EFBC}") = "115_CustomExcepion", "115_CustomExcepion\115_CustomExcepion.csproj", "{1CD43C86-3CF5-4D5D-B42A-9C51426C9C9F}"
EndProject
Project("{FAE04EC0-301F-11D3-BF4B-00C04F79EFBC}") = "116_delegate", "116_delegate\116_delegate.csproj", "{D002FA2D-45F9-4925-87A4-BA5BCC46E04B}"
EndProject
Project("{FAE04EC0-301F-11D3-BF4B-00C04F79EFBC}") = "117_delegateDeclare", "117_delegateDeclare\117_delegateDeclare.csproj", "{ABD30055-8DBD-4397-8466-A43C452688F5}"
EndProject
Project("{FAE04EC0-301F-11D3-BF4B-00C04F79EFBC}") = "118_delegateParam", "118_delegateParam\118_delegateParam.csproj", "{81ABA21A-56D3-4FE3-90B2-886CB57C5E7B}"
EndProject
Project("{FAE04EC0-301F-11D3-BF4B-00C04F79EFBC}") = "119_event", "119_event\119_event.csproj", "{E09B4A44-AFBA-478D-B3EB-818C91659A6C}"
EndProject
Project("{FAE04EC0-301F-11D3-BF4B-00C04F79EFBC}") = "120_Ramdba", "120_Ramdba\120_Ramdba.csproj", "{8E677869-1C15-4610-93B9-E8394D8E93F1}"
EndProject
Project("{FAE04EC0-301F-11D3-BF4B-00C04F79EFBC}") = "121_ListRamdba", "121_ListRamdba\121_ListRamdba.csproj", "{27EA015F-50DD-4A7A-A67C-0225A661899A}"
EndProject
Project("{FAE04EC0-301F-11D3-BF4B-00C04F79EFBC}") = "122_FuncRamdba", "122_FuncRamdba\122_FuncRamdba.csproj", "{12551842-7BCA-490F-B67D-547A51897027}"
EndProject
Project("{FAE04EC0-301F-11D3-BF4B-00C04F79EFBC}") = "123_Action", "123_Action\123_Action.csproj", "{5802B5D4-AD99-40E5-B451-7A68BEBCE410}"
EndProject
Project("{FAE04EC0-301F-11D3-BF4B-00C04F79EFBC}") = "124_Func", "124_Func\124_Func.csproj", "{802F1910-4D63-4FEE-96A7-40F95D80283D}"
EndProject
Project("{FAE04EC0-301F-11D3-BF4B-00C04F79EFBC}") = "125_LINQ", "125_LINQ\125_LINQ.csproj", "{587D8771-C035-46F6-9860-68E721090C0F}"
EndProject
Project("{FAE04EC0-301F-11D3-BF4B-00C04F79EFBC}") = "126_select", "126_select\126_select.csproj", "{D4EC027E-6799-4BFA-8DCE-1200D438CE45}"
EndProject
Project("{FAE04EC0-301F-11D3-BF4B-00C04F79EFBC}") = "127_orderby", "127_orderby\127_orderby.csproj", "{F7B3AD57-971E-45CE-AB32-A6E0CE6AA80C}"
EndProject
Project("{FAE04EC0-301F-11D3-BF4B-00C04F79EFBC}") = "128_group", "128_group\128_group.csproj", "{AD12FFCA-C458-42E1-88B1-96CD1A9B84FB}"
EndProject
Project("{FAE04EC0-301F-11D3-BF4B-00C04F79EFBC}") = "129_group2", "129_group2\129_group2.csproj", "{09254C18-DC5A-4ECC-AA26-AF31DEC32F6E}"
EndProject
Project("{FAE04EC0-301F-11D3-BF4B-00C04F79EFBC}") = "130_join", "130_join\130_join.csproj", "{445D0DF1-7967-41DA-92E5-02641B1C04EC}"
EndProject
Project("{FAE04EC0-301F-11D3-BF4B-00C04F79EFBC}") = "131_join2", "131_join2\131_join2.csproj", "{4342FB92-90A0-41EB-B856-A43C54B9BCBA}"
EndProject
Project("{FAE04EC0-301F-11D3-BF4B-00C04F79EFBC}") = "132_File01", "132_File01\132_File01.csproj", "{84AD7AAE-406B-48B3-BD38-9952A1EB6986}"
EndProject
Project("{FAE04EC0-301F-11D3-BF4B-00C04F79EFBC}") = "133_File_BitConverter", "133_File_BitConverter\133_File_BitConverter.csproj", "{5A26067A-F28E-4776-A71C-DFA343939C53}"
EndProject
Project("{FAE04EC0-301F-11D3-BF4B-00C04F79EFBC}") = "134_File_StreamWriterReader", "134_File_StreamWriterReader\134_File_StreamWriterReader.csproj", "{67905597-06BD-4A74-87B5-797CDD8A2A83}"
EndProject
Project("{FAE04EC0-301F-11D3-BF4B-00C04F79EFBC}") = "135_File_BinaryFormatter", "135_File_BinaryFormatter\135_File_BinaryFormatter.csproj", "{FEF27428-37FD-4FAD-9DC0-C726EA9EA15B}"
EndProject
Project("{FAE04EC0-301F-11D3-BF4B-00C04F79EFBC}") = "136_File_BinaryFormatter02", "136_File_BinaryFormatter02\136_File_BinaryFormatter02.csproj", "{12092948-4BED-4884-81A9-A1522A8EC288}"
EndProject
Project("{FAE04EC0-301F-11D3-BF4B-00C04F79EFBC}") = "137_File_Binary", "137_File_Binary\137_File_Binary.csproj", "{5EEECCC4-1FAE-49C7-AF04-8E6047923F3C}"
EndProject
Project("{FAE04EC0-301F-11D3-BF4B-00C04F79EFBC}") = "138_File_CSV", "138_File_CSV\138_File_CSV.csproj", "{C6A12991-7E33-4A9B-AE34-90B7EC63A3D4}"
EndProject
Project("{FAE04EC0-301F-11D3-BF4B-00C04F79EFBC}") = "139_Thread01", "139_Thread01\139_Thread01.csproj", "{D09BB39A-9E28-44D6-9125-66435CD4554B}"
EndProject
Project("{FAE04EC0-301F-11D3-BF4B-00C04F79EFBC}") = "141_Thread_Synchronization", "141_Thread_Synchronization\141_Thread_Synchronization.csproj", "{92684ED5-29F5-41DD-A4E0-001424FA2084}"
EndProject
Project("{FAE04EC0-301F-11D3-BF4B-00C04F79EFBC}") = "140_Thread_Abort_Join", "140_Thread_Abort_Join\140_Thread_Abort_Join.csproj", "{4DB46E6B-1E8B-444D-A4FE-8EE0962CC6B3}"
EndProject
Project("{FAE04EC0-301F-11D3-BF4B-00C04F79EFBC}") = "142_Tasks", "142_Tasks\142_Tasks.csproj", "{E02A93BE-377E-454A-BC96-30C0301D2007}"
EndProject
Project("{FAE04EC0-301F-11D3-BF4B-00C04F79EFBC}") = "CheckPoint01", "CheckPoint01\CheckPoint01.csproj", "{FA67FF55-7187-4D22-8A03-DA6438A40E52}"
EndProject
Project("{FAE04EC0-301F-11D3-BF4B-00C04F79EFBC}") = "CheckPoint02", "CheckPoint02\CheckPoint02.csproj", "{79006B93-F586-444B-83E1-C443B8C0CB8C}"
EndProject
Project("{FAE04EC0-301F-11D3-BF4B-00C04F79EFBC}") = "CheckPoint05", "CheckPoint05\CheckPoint05.csproj", "{E567640B-6825-4C2D-95A6-E33163980943}"
EndProject
Project("{FAE04EC0-301F-11D3-BF4B-00C04F79EFBC}") = "081_02_classInheritance", "081_02_classInheritance\081_02_classInheritance.csproj", "{7BACCC41-D281-40B0-95A9-A070B94D97CD}"
EndProject
Project("{FAE04EC0-301F-11D3-BF4B-00C04F79EFBC}") = "081_01_classInheritance", "081_01_classInheritance\081_01_classInheritance.csproj", "{3CA0937B-4706-4C8C-85AE-31B77B803BD6}"
EndProject
Project("{FAE04EC0-301F-11D3-BF4B-00C04F79EFBC}") = "088_struct", "080_struct\088_struct.csproj", "{943ED8E8-AD88-4423-BD75-A981867DF17F}"
EndProject
Project("{FAE04EC0-301F-11D3-BF4B-00C04F79EFBC}") = "081_03_class_base", "081_03_class_base\081_03_class_base.csproj", "{CFEBA578-F6F1-4E0D-94F5-F19E6B59944C}"
EndProject
Project("{FAE04EC0-301F-11D3-BF4B-00C04F79EFBC}") = "100_Indexer02", "100_Indexer02\100_Indexer02.csproj", "{9A46BF32-6632-45A3-B6E1-376B65D23572}"
EndProject
Project("{FAE04EC0-301F-11D3-BF4B-00C04F79EFBC}") = "091_Property01", "091_Property01\091_Property01.csproj", "{2DA19EC6-3C80-425D-A280-3B2B00269A32}"
EndProject
Project("{FAE04EC0-301F-11D3-BF4B-00C04F79EFBC}") = "092_Property02", "091_Property02\092_Property02.csproj", "{EF984A5E-E291-4E33-BA37-543BA8185746}"
EndProject
Project("{FAE04EC0-301F-11D3-BF4B-00C04F79EFBC}") = "093_Check", "093_Check\093_Check.csproj", "{AE8E7EF4-07D2-429A-B00B-DDA6D99B035B}"
EndProject
Project("{FAE04EC0-301F-11D3-BF4B-00C04F79EFBC}") = "094_Check", "094_Check\094_Check.csproj", "{99B7E1DD-23EA-410C-A29A-53899651D1D2}"
EndProject
Project("{FAE04EC0-301F-11D3-BF4B-00C04F79EFBC}") = "095_ArrayList", "095_ArrayList\095_ArrayList.csproj", "{66E1721C-182B-419C-8FC9-F34518CBF10F}"
EndProject
Project("{FAE04EC0-301F-11D3-BF4B-00C04F79EFBC}") = "096_Queue", "096_Queue\096_Queue.csproj", "{8CAB3669-9FAA-41F3-954E-1EB2C79368BF}"
EndProject
Project("{FAE04EC0-301F-11D3-BF4B-00C04F79EFBC}") = "097_Stack", "097_Stack\097_Stack.csproj", "{EA35C13B-E4C2-479B-8759-5FE671519C4E}"
EndProject
Project("{FAE04EC0-301F-11D3-BF4B-00C04F79EFBC}") = "098_Hashtable", "098_Hashtable\098_Hashtable.csproj", "{0135EFEA-B981-49C1-934B-C6C350F108BB}"
EndProject
Project("{FAE04EC0-301F-11D3-BF4B-00C04F79EFBC}") = "099_Indexer01", "099_Indexer01\099_Indexer01.csproj", "{07F4BE2F-DCB5-4CAD-8239-F405CCF98008}"
EndProject
Project("{FAE04EC0-301F-11D3-BF4B-00C04F79EFBC}") = "CheckPoint03", "CheckPoint03\CheckPoint03.csproj", "{4A67FB03-10E0-4027-9986-BA14D59DC563}"
EndProject
Project("{FAE04EC0-301F-11D3-BF4B-00C04F79EFBC}") = "CheckPoint04", "CheckPoint04\CheckPoint04.csproj", "{34AA2955-A42B-4322-A75D-C6108F8A061A}"
EndProject
Global
	GlobalSection(SolutionConfigurationPlatforms) = preSolution
		Debug|Any CPU = Debug|Any CPU
		Release|Any CPU = Release|Any CPU
	EndGlobalSection
	GlobalSection(ProjectConfigurationPlatforms) = postSolution
		{3B69F601-B6D0-4130-A9BF-C4C9975DBE93}.Debug|Any CPU.ActiveCfg = Debug|Any CPU
		{3B69F601-B6D0-4130-A9BF-C4C9975DBE93}.Debug|Any CPU.Build.0 = Debug|Any CPU
		{3B69F601-B6D0-4130-A9BF-C4C9975DBE93}.Release|Any CPU.ActiveCfg = Release|Any CPU
		{3B69F601-B6D0-4130-A9BF-C4C9975DBE93}.Release|Any CPU.Build.0 = Release|Any CPU
		{A7F8361C-6799-4484-87A9-A613927D1D12}.Debug|Any CPU.ActiveCfg = Debug|Any CPU
		{A7F8361C-6799-4484-87A9-A613927D1D12}.Debug|Any CPU.Build.0 = Debug|Any CPU
		{A7F8361C-6799-4484-87A9-A613927D1D12}.Release|Any CPU.ActiveCfg = Release|Any CPU
		{A7F8361C-6799-4484-87A9-A613927D1D12}.Release|Any CPU.Build.0 = Release|Any CPU
		{A527743B-E241-4C17-ABC0-D50D4A0107F3}.Debug|Any CPU.ActiveCfg = Debug|Any CPU
		{A527743B-E241-4C17-ABC0-D50D4A0107F3}.Debug|Any CPU.Build.0 = Debug|Any CPU
		{A527743B-E241-4C17-ABC0-D50D4A0107F3}.Release|Any CPU.ActiveCfg = Release|Any CPU
		{A527743B-E241-4C17-ABC0-D50D4A0107F3}.Release|Any CPU.Build.0 = Release|Any CPU
		{36E2402A-DB85-4DB7-91C2-7EDE59D6FACD}.Debug|Any CPU.ActiveCfg = Debug|Any CPU
		{36E2402A-DB85-4DB7-91C2-7EDE59D6FACD}.Debug|Any CPU.Build.0 = Debug|Any CPU
		{36E2402A-DB85-4DB7-91C2-7EDE59D6FACD}.Release|Any CPU.ActiveCfg = Release|Any CPU
		{36E2402A-DB85-4DB7-91C2-7EDE59D6FACD}.Release|Any CPU.Build.0 = Release|Any CPU
		{59316D51-A600-4431-B6CB-9FE724E05942}.Debug|Any CPU.ActiveCfg = Debug|Any CPU
		{59316D51-A600-4431-B6CB-9FE724E05942}.Debug|Any CPU.Build.0 = Debug|Any CPU
		{59316D51-A600-4431-B6CB-9FE724E05942}.Release|Any CPU.ActiveCfg = Release|Any CPU
		{59316D51-A600-4431-B6CB-9FE724E05942}.Release|Any CPU.Build.0 = Release|Any CPU
		{C299B954-4E0C-4E48-962E-9F4117C55F7D}.Debug|Any CPU.ActiveCfg = Debug|Any CPU
		{C299B954-4E0C-4E48-962E-9F4117C55F7D}.Debug|Any CPU.Build.0 = Debug|Any CPU
		{C299B954-4E0C-4E48-962E-9F4117C55F7D}.Release|Any CPU.ActiveCfg = Release|Any CPU
		{C299B954-4E0C-4E48-962E-9F4117C55F7D}.Release|Any CPU.Build.0 = Release|Any CPU
		{344DF39F-A6AF-4030-8C9F-8481171CE4AF}.Debug|Any CPU.ActiveCfg = Debug|Any CPU
		{344DF39F-A6AF-4030-8C9F-8481171CE4AF}.Debug|Any CPU.Build.0 = Debug|Any CPU
		{344DF39F-A6AF-4030-8C9F-8481171CE4AF}.Release|Any CPU.ActiveCfg = Release|Any CPU
		{344DF39F-A6AF-4030-8C9F-8481171CE4AF}.Release|Any CPU.Build.0 = Release|Any CPU
		{EE595B2A-A2FC-40C7-A643-A5508BE282B5}.Debug|Any CPU.ActiveCfg = Debug|Any CPU
		{EE595B2A-A2FC-40C7-A643-A5508BE282B5}.Debug|Any CPU.Build.0 = Debug|Any CPU
		{EE595B2A-A2FC-40C7-A643-A5508BE282B5}.Release|Any CPU.ActiveCfg = Release|Any CPU
		{EE595B2A-A2FC-40C7-A643-A5508BE282B5}.Release|Any CPU.Build.0 = Release|Any CPU
		{C7B1E1BB-9371-4569-B3A5-18CFAE6C0E12}.Debug|Any CPU.ActiveCfg = Debug|Any CPU
		{C7B1E1BB-9371-4569-B3A5-18CFAE6C0E12}.Debug|Any CPU.Build.0 = Debug|Any CPU
		{C7B1E1BB-9371-4569-B3A5-18CFAE6C0E12}.Release|Any CPU.ActiveCfg = Release|Any CPU
		{C7B1E1BB-9371-4569-B3A5-18CFAE6C0E12}.Release|Any CPU.Build.0 = Release|Any CPU
		{2C81B218-D07D-422D-A247-3719E49BBAEE}.Debug|Any CPU.ActiveCfg = Debug|Any CPU
		{2C81B218-D07D-422D-A247-3719E49BBAEE}.Debug|Any CPU.Build.0 = Debug|Any CPU
		{2C81B218-D07D-422D-A247-3719E49BBAEE}.Release|Any CPU.ActiveCfg = Release|Any CPU
		{2C81B218-D07D-422D-A247-3719E49BBAEE}.Release|Any CPU.Build.0 = Release|Any CPU
		{80C4B719-153C-4A49-BFD1-AB6BB8DAE3D9}.Debug|Any CPU.ActiveCfg = Debug|Any CPU
		{80C4B719-153C-4A49-BFD1-AB6BB8DAE3D9}.Debug|Any CPU.Build.0 = Debug|Any CPU
		{80C4B719-153C-4A49-BFD1-AB6BB8DAE3D9}.Release|Any CPU.ActiveCfg = Release|Any CPU
		{80C4B719-153C-4A49-BFD1-AB6BB8DAE3D9}.Release|Any CPU.Build.0 = Release|Any CPU
		{A0ADBD2B-3D32-47FA-8D21-70DEC971899D}.Debug|Any CPU.ActiveCfg = Debug|Any CPU
		{A0ADBD2B-3D32-47FA-8D21-70DEC971899D}.Debug|Any CPU.Build.0 = Debug|Any CPU
		{A0ADBD2B-3D32-47FA-8D21-70DEC971899D}.Release|Any CPU.ActiveCfg = Release|Any CPU
		{A0ADBD2B-3D32-47FA-8D21-70DEC971899D}.Release|Any CPU.Build.0 = Release|Any CPU
		{82F13A1E-7BD1-482A-906A-BBD6667F2E0B}.Debug|Any CPU.ActiveCfg = Debug|Any CPU
		{82F13A1E-7BD1-482A-906A-BBD6667F2E0B}.Debug|Any CPU.Build.0 = Debug|Any CPU
		{82F13A1E-7BD1-482A-906A-BBD6667F2E0B}.Release|Any CPU.ActiveCfg = Release|Any CPU
		{82F13A1E-7BD1-482A-906A-BBD6667F2E0B}.Release|Any CPU.Build.0 = Release|Any CPU
		{2BDC1DE3-1160-41B7-B91A-59DA75851933}.Debug|Any CPU.ActiveCfg = Debug|Any CPU
		{2BDC1DE3-1160-41B7-B91A-59DA75851933}.Debug|Any CPU.Build.0 = Debug|Any CPU
		{2BDC1DE3-1160-41B7-B91A-59DA75851933}.Release|Any CPU.ActiveCfg = Release|Any CPU
		{2BDC1DE3-1160-41B7-B91A-59DA75851933}.Release|Any CPU.Build.0 = Release|Any CPU
		{C0C0B28B-B9F3-4488-833C-836D4BA797FC}.Debug|Any CPU.ActiveCfg = Debug|Any CPU
		{C0C0B28B-B9F3-4488-833C-836D4BA797FC}.Debug|Any CPU.Build.0 = Debug|Any CPU
		{C0C0B28B-B9F3-4488-833C-836D4BA797FC}.Release|Any CPU.ActiveCfg = Release|Any CPU
		{C0C0B28B-B9F3-4488-833C-836D4BA797FC}.Release|Any CPU.Build.0 = Release|Any CPU
		{3E5089E4-458E-4FE3-8F4C-42FE3C0A7089}.Debug|Any CPU.ActiveCfg = Debug|Any CPU
		{3E5089E4-458E-4FE3-8F4C-42FE3C0A7089}.Debug|Any CPU.Build.0 = Debug|Any CPU
		{3E5089E4-458E-4FE3-8F4C-42FE3C0A7089}.Release|Any CPU.ActiveCfg = Release|Any CPU
		{3E5089E4-458E-4FE3-8F4C-42FE3C0A7089}.Release|Any CPU.Build.0 = Release|Any CPU
		{D46BE599-2678-4AB8-886B-8B745C044570}.Debug|Any CPU.ActiveCfg = Debug|Any CPU
		{D46BE599-2678-4AB8-886B-8B745C044570}.Debug|Any CPU.Build.0 = Debug|Any CPU
		{D46BE599-2678-4AB8-886B-8B745C044570}.Release|Any CPU.ActiveCfg = Release|Any CPU
		{D46BE599-2678-4AB8-886B-8B745C044570}.Release|Any CPU.Build.0 = Release|Any CPU
		{3CCB75F2-95FC-4E0A-8AFD-05BAD690AB79}.Debug|Any CPU.ActiveCfg = Debug|Any CPU
		{3CCB75F2-95FC-4E0A-8AFD-05BAD690AB79}.Debug|Any CPU.Build.0 = Debug|Any CPU
		{3CCB75F2-95FC-4E0A-8AFD-05BAD690AB79}.Release|Any CPU.ActiveCfg = Release|Any CPU
		{3CCB75F2-95FC-4E0A-8AFD-05BAD690AB79}.Release|Any CPU.Build.0 = Release|Any CPU
		{C2046D48-A78B-4A73-85E0-94502D790FDF}.Debug|Any CPU.ActiveCfg = Debug|Any CPU
		{C2046D48-A78B-4A73-85E0-94502D790FDF}.Debug|Any CPU.Build.0 = Debug|Any CPU
		{C2046D48-A78B-4A73-85E0-94502D790FDF}.Release|Any CPU.ActiveCfg = Release|Any CPU
		{C2046D48-A78B-4A73-85E0-94502D790FDF}.Release|Any CPU.Build.0 = Release|Any CPU
		{76552336-A9CB-4115-9DF8-4042BD461341}.Debug|Any CPU.ActiveCfg = Debug|Any CPU
		{76552336-A9CB-4115-9DF8-4042BD461341}.Debug|Any CPU.Build.0 = Debug|Any CPU
		{76552336-A9CB-4115-9DF8-4042BD461341}.Release|Any CPU.ActiveCfg = Release|Any CPU
		{76552336-A9CB-4115-9DF8-4042BD461341}.Release|Any CPU.Build.0 = Release|Any CPU
		{E08446CB-6283-4B68-8C19-65E4375E4245}.Debug|Any CPU.ActiveCfg = Debug|Any CPU
		{E08446CB-6283-4B68-8C19-65E4375E4245}.Debug|Any CPU.Build.0 = Debug|Any CPU
		{E08446CB-6283-4B68-8C19-65E4375E4245}.Release|Any CPU.ActiveCfg = Release|Any CPU
		{E08446CB-6283-4B68-8C19-65E4375E4245}.Release|Any CPU.Build.0 = Release|Any CPU
		{E9F6C208-D63B-48C9-AF3B-1436EE3EC06C}.Debug|Any CPU.ActiveCfg = Debug|Any CPU
		{E9F6C208-D63B-48C9-AF3B-1436EE3EC06C}.Debug|Any CPU.Build.0 = Debug|Any CPU
		{E9F6C208-D63B-48C9-AF3B-1436EE3EC06C}.Release|Any CPU.ActiveCfg = Release|Any CPU
		{E9F6C208-D63B-48C9-AF3B-1436EE3EC06C}.Release|Any CPU.Build.0 = Release|Any CPU
		{64D402B8-A0FB-4301-9B9B-708344AF6041}.Debug|Any CPU.ActiveCfg = Debug|Any CPU
		{64D402B8-A0FB-4301-9B9B-708344AF6041}.Debug|Any CPU.Build.0 = Debug|Any CPU
		{64D402B8-A0FB-4301-9B9B-708344AF6041}.Release|Any CPU.ActiveCfg = Release|Any CPU
		{64D402B8-A0FB-4301-9B9B-708344AF6041}.Release|Any CPU.Build.0 = Release|Any CPU
		{76351044-049E-4C9A-8F52-D95847DFD3B5}.Debug|Any CPU.ActiveCfg = Debug|Any CPU
		{76351044-049E-4C9A-8F52-D95847DFD3B5}.Debug|Any CPU.Build.0 = Debug|Any CPU
		{76351044-049E-4C9A-8F52-D95847DFD3B5}.Release|Any CPU.ActiveCfg = Release|Any CPU
		{76351044-049E-4C9A-8F52-D95847DFD3B5}.Release|Any CPU.Build.0 = Release|Any CPU
		{4F81FF09-6987-490A-88BF-54FF8D0D9E24}.Debug|Any CPU.ActiveCfg = Debug|Any CPU
		{4F81FF09-6987-490A-88BF-54FF8D0D9E24}.Debug|Any CPU.Build.0 = Debug|Any CPU
		{4F81FF09-6987-490A-88BF-54FF8D0D9E24}.Release|Any CPU.ActiveCfg = Release|Any CPU
		{4F81FF09-6987-490A-88BF-54FF8D0D9E24}.Release|Any CPU.Build.0 = Release|Any CPU
		{BD0BAD9C-4A48-4828-B66B-C3836D92333D}.Debug|Any CPU.ActiveCfg = Debug|Any CPU
		{BD0BAD9C-4A48-4828-B66B-C3836D92333D}.Debug|Any CPU.Build.0 = Debug|Any CPU
		{BD0BAD9C-4A48-4828-B66B-C3836D92333D}.Release|Any CPU.ActiveCfg = Release|Any CPU
		{BD0BAD9C-4A48-4828-B66B-C3836D92333D}.Release|Any CPU.Build.0 = Release|Any CPU
		{A701E1B0-5873-4DE6-9665-ECAB380C9C58}.Debug|Any CPU.ActiveCfg = Debug|Any CPU
		{A701E1B0-5873-4DE6-9665-ECAB380C9C58}.Debug|Any CPU.Build.0 = Debug|Any CPU
		{A701E1B0-5873-4DE6-9665-ECAB380C9C58}.Release|Any CPU.ActiveCfg = Release|Any CPU
		{A701E1B0-5873-4DE6-9665-ECAB380C9C58}.Release|Any CPU.Build.0 = Release|Any CPU
		{65D1DBC6-5E46-48ED-8884-0F5AB2AA83F3}.Debug|Any CPU.ActiveCfg = Debug|Any CPU
		{65D1DBC6-5E46-48ED-8884-0F5AB2AA83F3}.Debug|Any CPU.Build.0 = Debug|Any CPU
		{65D1DBC6-5E46-48ED-8884-0F5AB2AA83F3}.Release|Any CPU.ActiveCfg = Release|Any CPU
		{65D1DBC6-5E46-48ED-8884-0F5AB2AA83F3}.Release|Any CPU.Build.0 = Release|Any CPU
		{856DCBF7-9B25-4018-AC9D-062AE66CD857}.Debug|Any CPU.ActiveCfg = Debug|Any CPU
		{856DCBF7-9B25-4018-AC9D-062AE66CD857}.Debug|Any CPU.Build.0 = Debug|Any CPU
		{856DCBF7-9B25-4018-AC9D-062AE66CD857}.Release|Any CPU.ActiveCfg = Release|Any CPU
		{856DCBF7-9B25-4018-AC9D-062AE66CD857}.Release|Any CPU.Build.0 = Release|Any CPU
		{20D177B2-ED2D-4BE7-9AD8-906FB8BD36D7}.Debug|Any CPU.ActiveCfg = Debug|Any CPU
		{20D177B2-ED2D-4BE7-9AD8-906FB8BD36D7}.Debug|Any CPU.Build.0 = Debug|Any CPU
		{20D177B2-ED2D-4BE7-9AD8-906FB8BD36D7}.Release|Any CPU.ActiveCfg = Release|Any CPU
		{20D177B2-ED2D-4BE7-9AD8-906FB8BD36D7}.Release|Any CPU.Build.0 = Release|Any CPU
		{E819F465-DECD-4099-AC92-08868C0D356B}.Debug|Any CPU.ActiveCfg = Debug|Any CPU
		{E819F465-DECD-4099-AC92-08868C0D356B}.Debug|Any CPU.Build.0 = Debug|Any CPU
		{E819F465-DECD-4099-AC92-08868C0D356B}.Release|Any CPU.ActiveCfg = Release|Any CPU
		{E819F465-DECD-4099-AC92-08868C0D356B}.Release|Any CPU.Build.0 = Release|Any CPU
		{8074EEC1-76F8-47F1-8394-C3EAE205DDBD}.Debug|Any CPU.ActiveCfg = Debug|Any CPU
		{8074EEC1-76F8-47F1-8394-C3EAE205DDBD}.Debug|Any CPU.Build.0 = Debug|Any CPU
		{8074EEC1-76F8-47F1-8394-C3EAE205DDBD}.Release|Any CPU.ActiveCfg = Release|Any CPU
		{8074EEC1-76F8-47F1-8394-C3EAE205DDBD}.Release|Any CPU.Build.0 = Release|Any CPU
		{5CF786AA-6351-4FB6-9FED-9253F9E14800}.Debug|Any CPU.ActiveCfg = Debug|Any CPU
		{5CF786AA-6351-4FB6-9FED-9253F9E14800}.Debug|Any CPU.Build.0 = Debug|Any CPU
		{5CF786AA-6351-4FB6-9FED-9253F9E14800}.Release|Any CPU.ActiveCfg = Release|Any CPU
		{5CF786AA-6351-4FB6-9FED-9253F9E14800}.Release|Any CPU.Build.0 = Release|Any CPU
		{520FE933-494A-4D1B-AE85-44D2D5D82165}.Debug|Any CPU.ActiveCfg = Debug|Any CPU
		{520FE933-494A-4D1B-AE85-44D2D5D82165}.Debug|Any CPU.Build.0 = Debug|Any CPU
		{520FE933-494A-4D1B-AE85-44D2D5D82165}.Release|Any CPU.ActiveCfg = Release|Any CPU
		{520FE933-494A-4D1B-AE85-44D2D5D82165}.Release|Any CPU.Build.0 = Release|Any CPU
		{5467C141-EFF2-4B78-BB57-F8838AAE13BA}.Debug|Any CPU.ActiveCfg = Debug|Any CPU
		{5467C141-EFF2-4B78-BB57-F8838AAE13BA}.Debug|Any CPU.Build.0 = Debug|Any CPU
		{5467C141-EFF2-4B78-BB57-F8838AAE13BA}.Release|Any CPU.ActiveCfg = Release|Any CPU
		{5467C141-EFF2-4B78-BB57-F8838AAE13BA}.Release|Any CPU.Build.0 = Release|Any CPU
		{801A8901-AA37-4880-A5E6-3A92D1C65178}.Debug|Any CPU.ActiveCfg = Debug|Any CPU
		{801A8901-AA37-4880-A5E6-3A92D1C65178}.Debug|Any CPU.Build.0 = Debug|Any CPU
		{801A8901-AA37-4880-A5E6-3A92D1C65178}.Release|Any CPU.ActiveCfg = Release|Any CPU
		{801A8901-AA37-4880-A5E6-3A92D1C65178}.Release|Any CPU.Build.0 = Release|Any CPU
		{7DEB9802-F61E-413D-BABC-3A90877B3DE9}.Debug|Any CPU.ActiveCfg = Debug|Any CPU
		{7DEB9802-F61E-413D-BABC-3A90877B3DE9}.Debug|Any CPU.Build.0 = Debug|Any CPU
		{7DEB9802-F61E-413D-BABC-3A90877B3DE9}.Release|Any CPU.ActiveCfg = Release|Any CPU
		{7DEB9802-F61E-413D-BABC-3A90877B3DE9}.Release|Any CPU.Build.0 = Release|Any CPU
		{C1BE2FB7-8F1D-422C-80B3-B2D87E8488FB}.Debug|Any CPU.ActiveCfg = Debug|Any CPU
		{C1BE2FB7-8F1D-422C-80B3-B2D87E8488FB}.Debug|Any CPU.Build.0 = Debug|Any CPU
		{C1BE2FB7-8F1D-422C-80B3-B2D87E8488FB}.Release|Any CPU.ActiveCfg = Release|Any CPU
		{C1BE2FB7-8F1D-422C-80B3-B2D87E8488FB}.Release|Any CPU.Build.0 = Release|Any CPU
		{0A4BF47E-D652-45D3-B8BF-30B441F68C62}.Debug|Any CPU.ActiveCfg = Debug|Any CPU
		{0A4BF47E-D652-45D3-B8BF-30B441F68C62}.Debug|Any CPU.Build.0 = Debug|Any CPU
		{0A4BF47E-D652-45D3-B8BF-30B441F68C62}.Release|Any CPU.ActiveCfg = Release|Any CPU
		{0A4BF47E-D652-45D3-B8BF-30B441F68C62}.Release|Any CPU.Build.0 = Release|Any CPU
		{4BA97B58-47CE-405A-B80C-D032F1200492}.Debug|Any CPU.ActiveCfg = Debug|Any CPU
		{4BA97B58-47CE-405A-B80C-D032F1200492}.Debug|Any CPU.Build.0 = Debug|Any CPU
		{4BA97B58-47CE-405A-B80C-D032F1200492}.Release|Any CPU.ActiveCfg = Release|Any CPU
		{4BA97B58-47CE-405A-B80C-D032F1200492}.Release|Any CPU.Build.0 = Release|Any CPU
		{180C90DB-7E85-457A-AC01-85E9BFE9A956}.Debug|Any CPU.ActiveCfg = Debug|Any CPU
		{180C90DB-7E85-457A-AC01-85E9BFE9A956}.Debug|Any CPU.Build.0 = Debug|Any CPU
		{180C90DB-7E85-457A-AC01-85E9BFE9A956}.Release|Any CPU.ActiveCfg = Release|Any CPU
		{180C90DB-7E85-457A-AC01-85E9BFE9A956}.Release|Any CPU.Build.0 = Release|Any CPU
		{A1A7CF31-FB93-45BD-935A-3141191D9FC6}.Debug|Any CPU.ActiveCfg = Debug|Any CPU
		{A1A7CF31-FB93-45BD-935A-3141191D9FC6}.Debug|Any CPU.Build.0 = Debug|Any CPU
		{A1A7CF31-FB93-45BD-935A-3141191D9FC6}.Release|Any CPU.ActiveCfg = Release|Any CPU
		{A1A7CF31-FB93-45BD-935A-3141191D9FC6}.Release|Any CPU.Build.0 = Release|Any CPU
		{C36C0904-9893-4763-80F1-99475EF52B86}.Debug|Any CPU.ActiveCfg = Debug|Any CPU
		{C36C0904-9893-4763-80F1-99475EF52B86}.Debug|Any CPU.Build.0 = Debug|Any CPU
		{C36C0904-9893-4763-80F1-99475EF52B86}.Release|Any CPU.ActiveCfg = Release|Any CPU
		{C36C0904-9893-4763-80F1-99475EF52B86}.Release|Any CPU.Build.0 = Release|Any CPU
		{635BF458-EFD7-43DC-ACD1-5BC4B6276E4B}.Debug|Any CPU.ActiveCfg = Debug|Any CPU
		{635BF458-EFD7-43DC-ACD1-5BC4B6276E4B}.Debug|Any CPU.Build.0 = Debug|Any CPU
		{635BF458-EFD7-43DC-ACD1-5BC4B6276E4B}.Release|Any CPU.ActiveCfg = Release|Any CPU
		{635BF458-EFD7-43DC-ACD1-5BC4B6276E4B}.Release|Any CPU.Build.0 = Release|Any CPU
		{67B8C899-B5FA-46DB-9845-92409BCAB0A1}.Debug|Any CPU.ActiveCfg = Debug|Any CPU
		{67B8C899-B5FA-46DB-9845-92409BCAB0A1}.Debug|Any CPU.Build.0 = Debug|Any CPU
		{67B8C899-B5FA-46DB-9845-92409BCAB0A1}.Release|Any CPU.ActiveCfg = Release|Any CPU
		{67B8C899-B5FA-46DB-9845-92409BCAB0A1}.Release|Any CPU.Build.0 = Release|Any CPU
		{C1108A77-1630-454C-AE2F-2B9FA7E8E103}.Debug|Any CPU.ActiveCfg = Debug|Any CPU
		{C1108A77-1630-454C-AE2F-2B9FA7E8E103}.Debug|Any CPU.Build.0 = Debug|Any CPU
		{C1108A77-1630-454C-AE2F-2B9FA7E8E103}.Release|Any CPU.ActiveCfg = Release|Any CPU
		{C1108A77-1630-454C-AE2F-2B9FA7E8E103}.Release|Any CPU.Build.0 = Release|Any CPU
		{7C1505DC-9D08-4C33-B8ED-53A17989B41A}.Debug|Any CPU.ActiveCfg = Debug|Any CPU
		{7C1505DC-9D08-4C33-B8ED-53A17989B41A}.Debug|Any CPU.Build.0 = Debug|Any CPU
		{7C1505DC-9D08-4C33-B8ED-53A17989B41A}.Release|Any CPU.ActiveCfg = Release|Any CPU
		{7C1505DC-9D08-4C33-B8ED-53A17989B41A}.Release|Any CPU.Build.0 = Release|Any CPU
		{1CD43C86-3CF5-4D5D-B42A-9C51426C9C9F}.Debug|Any CPU.ActiveCfg = Debug|Any CPU
		{1CD43C86-3CF5-4D5D-B42A-9C51426C9C9F}.Debug|Any CPU.Build.0 = Debug|Any CPU
		{1CD43C86-3CF5-4D5D-B42A-9C51426C9C9F}.Release|Any CPU.ActiveCfg = Release|Any CPU
		{1CD43C86-3CF5-4D5D-B42A-9C51426C9C9F}.Release|Any CPU.Build.0 = Release|Any CPU
		{D002FA2D-45F9-4925-87A4-BA5BCC46E04B}.Debug|Any CPU.ActiveCfg = Debug|Any CPU
		{D002FA2D-45F9-4925-87A4-BA5BCC46E04B}.Debug|Any CPU.Build.0 = Debug|Any CPU
		{D002FA2D-45F9-4925-87A4-BA5BCC46E04B}.Release|Any CPU.ActiveCfg = Release|Any CPU
		{D002FA2D-45F9-4925-87A4-BA5BCC46E04B}.Release|Any CPU.Build.0 = Release|Any CPU
		{ABD30055-8DBD-4397-8466-A43C452688F5}.Debug|Any CPU.ActiveCfg = Debug|Any CPU
		{ABD30055-8DBD-4397-8466-A43C452688F5}.Debug|Any CPU.Build.0 = Debug|Any CPU
		{ABD30055-8DBD-4397-8466-A43C452688F5}.Release|Any CPU.ActiveCfg = Release|Any CPU
		{ABD30055-8DBD-4397-8466-A43C452688F5}.Release|Any CPU.Build.0 = Release|Any CPU
		{81ABA21A-56D3-4FE3-90B2-886CB57C5E7B}.Debug|Any CPU.ActiveCfg = Debug|Any CPU
		{81ABA21A-56D3-4FE3-90B2-886CB57C5E7B}.Debug|Any CPU.Build.0 = Debug|Any CPU
		{81ABA21A-56D3-4FE3-90B2-886CB57C5E7B}.Release|Any CPU.ActiveCfg = Release|Any CPU
		{81ABA21A-56D3-4FE3-90B2-886CB57C5E7B}.Release|Any CPU.Build.0 = Release|Any CPU
		{E09B4A44-AFBA-478D-B3EB-818C91659A6C}.Debug|Any CPU.ActiveCfg = Debug|Any CPU
		{E09B4A44-AFBA-478D-B3EB-818C91659A6C}.Debug|Any CPU.Build.0 = Debug|Any CPU
		{E09B4A44-AFBA-478D-B3EB-818C91659A6C}.Release|Any CPU.ActiveCfg = Release|Any CPU
		{E09B4A44-AFBA-478D-B3EB-818C91659A6C}.Release|Any CPU.Build.0 = Release|Any CPU
		{8E677869-1C15-4610-93B9-E8394D8E93F1}.Debug|Any CPU.ActiveCfg = Debug|Any CPU
		{8E677869-1C15-4610-93B9-E8394D8E93F1}.Debug|Any CPU.Build.0 = Debug|Any CPU
		{8E677869-1C15-4610-93B9-E8394D8E93F1}.Release|Any CPU.ActiveCfg = Release|Any CPU
		{8E677869-1C15-4610-93B9-E8394D8E93F1}.Release|Any CPU.Build.0 = Release|Any CPU
		{27EA015F-50DD-4A7A-A67C-0225A661899A}.Debug|Any CPU.ActiveCfg = Debug|Any CPU
		{27EA015F-50DD-4A7A-A67C-0225A661899A}.Debug|Any CPU.Build.0 = Debug|Any CPU
		{27EA015F-50DD-4A7A-A67C-0225A661899A}.Release|Any CPU.ActiveCfg = Release|Any CPU
		{27EA015F-50DD-4A7A-A67C-0225A661899A}.Release|Any CPU.Build.0 = Release|Any CPU
		{12551842-7BCA-490F-B67D-547A51897027}.Debug|Any CPU.ActiveCfg = Debug|Any CPU
		{12551842-7BCA-490F-B67D-547A51897027}.Debug|Any CPU.Build.0 = Debug|Any CPU
		{12551842-7BCA-490F-B67D-547A51897027}.Release|Any CPU.ActiveCfg = Release|Any CPU
		{12551842-7BCA-490F-B67D-547A51897027}.Release|Any CPU.Build.0 = Release|Any CPU
		{5802B5D4-AD99-40E5-B451-7A68BEBCE410}.Debug|Any CPU.ActiveCfg = Debug|Any CPU
		{5802B5D4-AD99-40E5-B451-7A68BEBCE410}.Debug|Any CPU.Build.0 = Debug|Any CPU
		{5802B5D4-AD99-40E5-B451-7A68BEBCE410}.Release|Any CPU.ActiveCfg = Release|Any CPU
		{5802B5D4-AD99-40E5-B451-7A68BEBCE410}.Release|Any CPU.Build.0 = Release|Any CPU
		{802F1910-4D63-4FEE-96A7-40F95D80283D}.Debug|Any CPU.ActiveCfg = Debug|Any CPU
		{802F1910-4D63-4FEE-96A7-40F95D80283D}.Debug|Any CPU.Build.0 = Debug|Any CPU
		{802F1910-4D63-4FEE-96A7-40F95D80283D}.Release|Any CPU.ActiveCfg = Release|Any CPU
		{802F1910-4D63-4FEE-96A7-40F95D80283D}.Release|Any CPU.Build.0 = Release|Any CPU
		{587D8771-C035-46F6-9860-68E721090C0F}.Debug|Any CPU.ActiveCfg = Debug|Any CPU
		{587D8771-C035-46F6-9860-68E721090C0F}.Debug|Any CPU.Build.0 = Debug|Any CPU
		{587D8771-C035-46F6-9860-68E721090C0F}.Release|Any CPU.ActiveCfg = Release|Any CPU
		{587D8771-C035-46F6-9860-68E721090C0F}.Release|Any CPU.Build.0 = Release|Any CPU
		{D4EC027E-6799-4BFA-8DCE-1200D438CE45}.Debug|Any CPU.ActiveCfg = Debug|Any CPU
		{D4EC027E-6799-4BFA-8DCE-1200D438CE45}.Debug|Any CPU.Build.0 = Debug|Any CPU
		{D4EC027E-6799-4BFA-8DCE-1200D438CE45}.Release|Any CPU.ActiveCfg = Release|Any CPU
		{D4EC027E-6799-4BFA-8DCE-1200D438CE45}.Release|Any CPU.Build.0 = Release|Any CPU
		{F7B3AD57-971E-45CE-AB32-A6E0CE6AA80C}.Debug|Any CPU.ActiveCfg = Debug|Any CPU
		{F7B3AD57-971E-45CE-AB32-A6E0CE6AA80C}.Debug|Any CPU.Build.0 = Debug|Any CPU
		{F7B3AD57-971E-45CE-AB32-A6E0CE6AA80C}.Release|Any CPU.ActiveCfg = Release|Any CPU
		{F7B3AD57-971E-45CE-AB32-A6E0CE6AA80C}.Release|Any CPU.Build.0 = Release|Any CPU
		{AD12FFCA-C458-42E1-88B1-96CD1A9B84FB}.Debug|Any CPU.ActiveCfg = Debug|Any CPU
		{AD12FFCA-C458-42E1-88B1-96CD1A9B84FB}.Debug|Any CPU.Build.0 = Debug|Any CPU
		{AD12FFCA-C458-42E1-88B1-96CD1A9B84FB}.Release|Any CPU.ActiveCfg = Release|Any CPU
		{AD12FFCA-C458-42E1-88B1-96CD1A9B84FB}.Release|Any CPU.Build.0 = Release|Any CPU
		{09254C18-DC5A-4ECC-AA26-AF31DEC32F6E}.Debug|Any CPU.ActiveCfg = Debug|Any CPU
		{09254C18-DC5A-4ECC-AA26-AF31DEC32F6E}.Debug|Any CPU.Build.0 = Debug|Any CPU
		{09254C18-DC5A-4ECC-AA26-AF31DEC32F6E}.Release|Any CPU.ActiveCfg = Release|Any CPU
		{09254C18-DC5A-4ECC-AA26-AF31DEC32F6E}.Release|Any CPU.Build.0 = Release|Any CPU
		{445D0DF1-7967-41DA-92E5-02641B1C04EC}.Debug|Any CPU.ActiveCfg = Debug|Any CPU
		{445D0DF1-7967-41DA-92E5-02641B1C04EC}.Debug|Any CPU.Build.0 = Debug|Any CPU
		{445D0DF1-7967-41DA-92E5-02641B1C04EC}.Release|Any CPU.ActiveCfg = Release|Any CPU
		{445D0DF1-7967-41DA-92E5-02641B1C04EC}.Release|Any CPU.Build.0 = Release|Any CPU
		{4342FB92-90A0-41EB-B856-A43C54B9BCBA}.Debug|Any CPU.ActiveCfg = Debug|Any CPU
		{4342FB92-90A0-41EB-B856-A43C54B9BCBA}.Debug|Any CPU.Build.0 = Debug|Any CPU
		{4342FB92-90A0-41EB-B856-A43C54B9BCBA}.Release|Any CPU.ActiveCfg = Release|Any CPU
		{4342FB92-90A0-41EB-B856-A43C54B9BCBA}.Release|Any CPU.Build.0 = Release|Any CPU
		{84AD7AAE-406B-48B3-BD38-9952A1EB6986}.Debug|Any CPU.ActiveCfg = Debug|Any CPU
		{84AD7AAE-406B-48B3-BD38-9952A1EB6986}.Debug|Any CPU.Build.0 = Debug|Any CPU
		{84AD7AAE-406B-48B3-BD38-9952A1EB6986}.Release|Any CPU.ActiveCfg = Release|Any CPU
		{84AD7AAE-406B-48B3-BD38-9952A1EB6986}.Release|Any CPU.Build.0 = Release|Any CPU
		{5A26067A-F28E-4776-A71C-DFA343939C53}.Debug|Any CPU.ActiveCfg = Debug|Any CPU
		{5A26067A-F28E-4776-A71C-DFA343939C53}.Debug|Any CPU.Build.0 = Debug|Any CPU
		{5A26067A-F28E-4776-A71C-DFA343939C53}.Release|Any CPU.ActiveCfg = Release|Any CPU
		{5A26067A-F28E-4776-A71C-DFA343939C53}.Release|Any CPU.Build.0 = Release|Any CPU
		{67905597-06BD-4A74-87B5-797CDD8A2A83}.Debug|Any CPU.ActiveCfg = Debug|Any CPU
		{67905597-06BD-4A74-87B5-797CDD8A2A83}.Debug|Any CPU.Build.0 = Debug|Any CPU
		{67905597-06BD-4A74-87B5-797CDD8A2A83}.Release|Any CPU.ActiveCfg = Release|Any CPU
		{67905597-06BD-4A74-87B5-797CDD8A2A83}.Release|Any CPU.Build.0 = Release|Any CPU
		{FEF27428-37FD-4FAD-9DC0-C726EA9EA15B}.Debug|Any CPU.ActiveCfg = Debug|Any CPU
		{FEF27428-37FD-4FAD-9DC0-C726EA9EA15B}.Debug|Any CPU.Build.0 = Debug|Any CPU
		{FEF27428-37FD-4FAD-9DC0-C726EA9EA15B}.Release|Any CPU.ActiveCfg = Release|Any CPU
		{FEF27428-37FD-4FAD-9DC0-C726EA9EA15B}.Release|Any CPU.Build.0 = Release|Any CPU
		{12092948-4BED-4884-81A9-A1522A8EC288}.Debug|Any CPU.ActiveCfg = Debug|Any CPU
		{12092948-4BED-4884-81A9-A1522A8EC288}.Debug|Any CPU.Build.0 = Debug|Any CPU
		{12092948-4BED-4884-81A9-A1522A8EC288}.Release|Any CPU.ActiveCfg = Release|Any CPU
		{12092948-4BED-4884-81A9-A1522A8EC288}.Release|Any CPU.Build.0 = Release|Any CPU
		{5EEECCC4-1FAE-49C7-AF04-8E6047923F3C}.Debug|Any CPU.ActiveCfg = Debug|Any CPU
		{5EEECCC4-1FAE-49C7-AF04-8E6047923F3C}.Debug|Any CPU.Build.0 = Debug|Any CPU
		{5EEECCC4-1FAE-49C7-AF04-8E6047923F3C}.Release|Any CPU.ActiveCfg = Release|Any CPU
		{5EEECCC4-1FAE-49C7-AF04-8E6047923F3C}.Release|Any CPU.Build.0 = Release|Any CPU
		{C6A12991-7E33-4A9B-AE34-90B7EC63A3D4}.Debug|Any CPU.ActiveCfg = Debug|Any CPU
		{C6A12991-7E33-4A9B-AE34-90B7EC63A3D4}.Debug|Any CPU.Build.0 = Debug|Any CPU
		{C6A12991-7E33-4A9B-AE34-90B7EC63A3D4}.Release|Any CPU.ActiveCfg = Release|Any CPU
		{C6A12991-7E33-4A9B-AE34-90B7EC63A3D4}.Release|Any CPU.Build.0 = Release|Any CPU
		{D09BB39A-9E28-44D6-9125-66435CD4554B}.Debug|Any CPU.ActiveCfg = Debug|Any CPU
		{D09BB39A-9E28-44D6-9125-66435CD4554B}.Debug|Any CPU.Build.0 = Debug|Any CPU
		{D09BB39A-9E28-44D6-9125-66435CD4554B}.Release|Any CPU.ActiveCfg = Release|Any CPU
		{D09BB39A-9E28-44D6-9125-66435CD4554B}.Release|Any CPU.Build.0 = Release|Any CPU
		{92684ED5-29F5-41DD-A4E0-001424FA2084}.Debug|Any CPU.ActiveCfg = Debug|Any CPU
		{92684ED5-29F5-41DD-A4E0-001424FA2084}.Debug|Any CPU.Build.0 = Debug|Any CPU
		{92684ED5-29F5-41DD-A4E0-001424FA2084}.Release|Any CPU.ActiveCfg = Release|Any CPU
		{92684ED5-29F5-41DD-A4E0-001424FA2084}.Release|Any CPU.Build.0 = Release|Any CPU
		{4DB46E6B-1E8B-444D-A4FE-8EE0962CC6B3}.Debug|Any CPU.ActiveCfg = Debug|Any CPU
		{4DB46E6B-1E8B-444D-A4FE-8EE0962CC6B3}.Debug|Any CPU.Build.0 = Debug|Any CPU
		{4DB46E6B-1E8B-444D-A4FE-8EE0962CC6B3}.Release|Any CPU.ActiveCfg = Release|Any CPU
		{4DB46E6B-1E8B-444D-A4FE-8EE0962CC6B3}.Release|Any CPU.Build.0 = Release|Any CPU
		{E02A93BE-377E-454A-BC96-30C0301D2007}.Debug|Any CPU.ActiveCfg = Debug|Any CPU
		{E02A93BE-377E-454A-BC96-30C0301D2007}.Debug|Any CPU.Build.0 = Debug|Any CPU
		{E02A93BE-377E-454A-BC96-30C0301D2007}.Release|Any CPU.ActiveCfg = Release|Any CPU
		{E02A93BE-377E-454A-BC96-30C0301D2007}.Release|Any CPU.Build.0 = Release|Any CPU
		{FA67FF55-7187-4D22-8A03-DA6438A40E52}.Debug|Any CPU.ActiveCfg = Debug|Any CPU
		{FA67FF55-7187-4D22-8A03-DA6438A40E52}.Debug|Any CPU.Build.0 = Debug|Any CPU
		{FA67FF55-7187-4D22-8A03-DA6438A40E52}.Release|Any CPU.ActiveCfg = Release|Any CPU
		{FA67FF55-7187-4D22-8A03-DA6438A40E52}.Release|Any CPU.Build.0 = Release|Any CPU
		{79006B93-F586-444B-83E1-C443B8C0CB8C}.Debug|Any CPU.ActiveCfg = Debug|Any CPU
		{79006B93-F586-444B-83E1-C443B8C0CB8C}.Debug|Any CPU.Build.0 = Debug|Any CPU
		{79006B93-F586-444B-83E1-C443B8C0CB8C}.Release|Any CPU.ActiveCfg = Release|Any CPU
		{79006B93-F586-444B-83E1-C443B8C0CB8C}.Release|Any CPU.Build.0 = Release|Any CPU
		{E567640B-6825-4C2D-95A6-E33163980943}.Debug|Any CPU.ActiveCfg = Debug|Any CPU
		{E567640B-6825-4C2D-95A6-E33163980943}.Debug|Any CPU.Build.0 = Debug|Any CPU
		{E567640B-6825-4C2D-95A6-E33163980943}.Release|Any CPU.ActiveCfg = Release|Any CPU
		{E567640B-6825-4C2D-95A6-E33163980943}.Release|Any CPU.Build.0 = Release|Any CPU
		{7BACCC41-D281-40B0-95A9-A070B94D97CD}.Debug|Any CPU.ActiveCfg = Debug|Any CPU
		{7BACCC41-D281-40B0-95A9-A070B94D97CD}.Debug|Any CPU.Build.0 = Debug|Any CPU
		{7BACCC41-D281-40B0-95A9-A070B94D97CD}.Release|Any CPU.ActiveCfg = Release|Any CPU
		{7BACCC41-D281-40B0-95A9-A070B94D97CD}.Release|Any CPU.Build.0 = Release|Any CPU
		{3CA0937B-4706-4C8C-85AE-31B77B803BD6}.Debug|Any CPU.ActiveCfg = Debug|Any CPU
		{3CA0937B-4706-4C8C-85AE-31B77B803BD6}.Debug|Any CPU.Build.0 = Debug|Any CPU
		{3CA0937B-4706-4C8C-85AE-31B77B803BD6}.Release|Any CPU.ActiveCfg = Release|Any CPU
		{3CA0937B-4706-4C8C-85AE-31B77B803BD6}.Release|Any CPU.Build.0 = Release|Any CPU
		{943ED8E8-AD88-4423-BD75-A981867DF17F}.Debug|Any CPU.ActiveCfg = Debug|Any CPU
		{943ED8E8-AD88-4423-BD75-A981867DF17F}.Debug|Any CPU.Build.0 = Debug|Any CPU
		{943ED8E8-AD88-4423-BD75-A981867DF17F}.Release|Any CPU.ActiveCfg = Release|Any CPU
		{943ED8E8-AD88-4423-BD75-A981867DF17F}.Release|Any CPU.Build.0 = Release|Any CPU
		{CFEBA578-F6F1-4E0D-94F5-F19E6B59944C}.Debug|Any CPU.ActiveCfg = Debug|Any CPU
		{CFEBA578-F6F1-4E0D-94F5-F19E6B59944C}.Debug|Any CPU.Build.0 = Debug|Any CPU
		{CFEBA578-F6F1-4E0D-94F5-F19E6B59944C}.Release|Any CPU.ActiveCfg = Release|Any CPU
		{CFEBA578-F6F1-4E0D-94F5-F19E6B59944C}.Release|Any CPU.Build.0 = Release|Any CPU
		{9A46BF32-6632-45A3-B6E1-376B65D23572}.Debug|Any CPU.ActiveCfg = Debug|Any CPU
		{9A46BF32-6632-45A3-B6E1-376B65D23572}.Debug|Any CPU.Build.0 = Debug|Any CPU
		{9A46BF32-6632-45A3-B6E1-376B65D23572}.Release|Any CPU.ActiveCfg = Release|Any CPU
		{9A46BF32-6632-45A3-B6E1-376B65D23572}.Release|Any CPU.Build.0 = Release|Any CPU
		{2DA19EC6-3C80-425D-A280-3B2B00269A32}.Debug|Any CPU.ActiveCfg = Debug|Any CPU
		{2DA19EC6-3C80-425D-A280-3B2B00269A32}.Debug|Any CPU.Build.0 = Debug|Any CPU
		{2DA19EC6-3C80-425D-A280-3B2B00269A32}.Release|Any CPU.ActiveCfg = Release|Any CPU
		{2DA19EC6-3C80-425D-A280-3B2B00269A32}.Release|Any CPU.Build.0 = Release|Any CPU
		{EF984A5E-E291-4E33-BA37-543BA8185746}.Debug|Any CPU.ActiveCfg = Debug|Any CPU
		{EF984A5E-E291-4E33-BA37-543BA8185746}.Debug|Any CPU.Build.0 = Debug|Any CPU
		{EF984A5E-E291-4E33-BA37-543BA8185746}.Release|Any CPU.ActiveCfg = Release|Any CPU
		{EF984A5E-E291-4E33-BA37-543BA8185746}.Release|Any CPU.Build.0 = Release|Any CPU
		{AE8E7EF4-07D2-429A-B00B-DDA6D99B035B}.Debug|Any CPU.ActiveCfg = Debug|Any CPU
		{AE8E7EF4-07D2-429A-B00B-DDA6D99B035B}.Debug|Any CPU.Build.0 = Debug|Any CPU
		{AE8E7EF4-07D2-429A-B00B-DDA6D99B035B}.Release|Any CPU.ActiveCfg = Release|Any CPU
		{AE8E7EF4-07D2-429A-B00B-DDA6D99B035B}.Release|Any CPU.Build.0 = Release|Any CPU
		{99B7E1DD-23EA-410C-A29A-53899651D1D2}.Debug|Any CPU.ActiveCfg = Debug|Any CPU
		{99B7E1DD-23EA-410C-A29A-53899651D1D2}.Debug|Any CPU.Build.0 = Debug|Any CPU
		{99B7E1DD-23EA-410C-A29A-53899651D1D2}.Release|Any CPU.ActiveCfg = Release|Any CPU
		{99B7E1DD-23EA-410C-A29A-53899651D1D2}.Release|Any CPU.Build.0 = Release|Any CPU
		{66E1721C-182B-419C-8FC9-F34518CBF10F}.Debug|Any CPU.ActiveCfg = Debug|Any CPU
		{66E1721C-182B-419C-8FC9-F34518CBF10F}.Debug|Any CPU.Build.0 = Debug|Any CPU
		{66E1721C-182B-419C-8FC9-F34518CBF10F}.Release|Any CPU.ActiveCfg = Release|Any CPU
		{66E1721C-182B-419C-8FC9-F34518CBF10F}.Release|Any CPU.Build.0 = Release|Any CPU
		{8CAB3669-9FAA-41F3-954E-1EB2C79368BF}.Debug|Any CPU.ActiveCfg = Debug|Any CPU
		{8CAB3669-9FAA-41F3-954E-1EB2C79368BF}.Debug|Any CPU.Build.0 = Debug|Any CPU
		{8CAB3669-9FAA-41F3-954E-1EB2C79368BF}.Release|Any CPU.ActiveCfg = Release|Any CPU
		{8CAB3669-9FAA-41F3-954E-1EB2C79368BF}.Release|Any CPU.Build.0 = Release|Any CPU
		{EA35C13B-E4C2-479B-8759-5FE671519C4E}.Debug|Any CPU.ActiveCfg = Debug|Any CPU
		{EA35C13B-E4C2-479B-8759-5FE671519C4E}.Debug|Any CPU.Build.0 = Debug|Any CPU
		{EA35C13B-E4C2-479B-8759-5FE671519C4E}.Release|Any CPU.ActiveCfg = Release|Any CPU
		{EA35C13B-E4C2-479B-8759-5FE671519C4E}.Release|Any CPU.Build.0 = Release|Any CPU
		{0135EFEA-B981-49C1-934B-C6C350F108BB}.Debug|Any CPU.ActiveCfg = Debug|Any CPU
		{0135EFEA-B981-49C1-934B-C6C350F108BB}.Debug|Any CPU.Build.0 = Debug|Any CPU
		{0135EFEA-B981-49C1-934B-C6C350F108BB}.Release|Any CPU.ActiveCfg = Release|Any CPU
		{0135EFEA-B981-49C1-934B-C6C350F108BB}.Release|Any CPU.Build.0 = Release|Any CPU
		{07F4BE2F-DCB5-4CAD-8239-F405CCF98008}.Debug|Any CPU.ActiveCfg = Debug|Any CPU
		{07F4BE2F-DCB5-4CAD-8239-F405CCF98008}.Debug|Any CPU.Build.0 = Debug|Any CPU
		{07F4BE2F-DCB5-4CAD-8239-F405CCF98008}.Release|Any CPU.ActiveCfg = Release|Any CPU
		{07F4BE2F-DCB5-4CAD-8239-F405CCF98008}.Release|Any CPU.Build.0 = Release|Any CPU
		{4A67FB03-10E0-4027-9986-BA14D59DC563}.Debug|Any CPU.ActiveCfg = Debug|Any CPU
		{4A67FB03-10E0-4027-9986-BA14D59DC563}.Debug|Any CPU.Build.0 = Debug|Any CPU
		{4A67FB03-10E0-4027-9986-BA14D59DC563}.Release|Any CPU.ActiveCfg = Release|Any CPU
		{4A67FB03-10E0-4027-9986-BA14D59DC563}.Release|Any CPU.Build.0 = Release|Any CPU
		{34AA2955-A42B-4322-A75D-C6108F8A061A}.Debug|Any CPU.ActiveCfg = Debug|Any CPU
		{34AA2955-A42B-4322-A75D-C6108F8A061A}.Debug|Any CPU.Build.0 = Debug|Any CPU
		{34AA2955-A42B-4322-A75D-C6108F8A061A}.Release|Any CPU.ActiveCfg = Release|Any CPU
		{34AA2955-A42B-4322-A75D-C6108F8A061A}.Release|Any CPU.Build.0 = Release|Any CPU
	EndGlobalSection
	GlobalSection(SolutionProperties) = preSolution
		HideSolutionNode = FALSE
	EndGlobalSection
	GlobalSection(ExtensibilityGlobals) = postSolution
		SolutionGuid = {8D173E42-5FAB-481C-A5D0-F2AC60FCBF7C}
	EndGlobalSection
EndGlobal
