
Microsoft Visual Studio Solution File, Format Version 12.00
# Visual Studio Version 16
VisualStudioVersion = 16.0.29806.167
MinimumVisualStudioVersion = 10.0.40219.1
Project("{FAE04EC0-301F-11D3-BF4B-00C04F79EFBC}") = "001_HelloWorld", "001_HelloWorld\001_HelloWorld.csproj", "{18FC8847-90C9-4955-A79A-A9CFAC61F6B6}"
EndProject
Project("{FAE04EC0-301F-11D3-BF4B-00C04F79EFBC}") = "002_HelloWorld2", "002_HelloWorld2\002_HelloWorld2.csproj", "{110287C1-AF2A-4C66-B9B2-9476818EFC23}"
EndProject
Project("{FAE04EC0-301F-11D3-BF4B-00C04F79EFBC}") = "003_HelloWorld3", "003_HelloWorld3\003_HelloWorld3.csproj", "{045900D8-4FA0-48BA-B77F-8AC6B8A7A46E}"
EndProject
Project("{FAE04EC0-301F-11D3-BF4B-00C04F79EFBC}") = "004_Check", "004_Check\004_Check.csproj", "{E5FED1E0-E6CA-4FA6-A93D-9B0E39AA6135}"
EndProject
Project("{FAE04EC0-301F-11D3-BF4B-00C04F79EFBC}") = "005_Check", "005_Check\005_Check.csproj", "{0EF119F0-32B2-4B33-9089-2142A85F4FDD}"
EndProject
Project("{FAE04EC0-301F-11D3-BF4B-00C04F79EFBC}") = "007_Variable2", "007_Variable2\007_Variable2.csproj", "{9C5CB39D-24B7-4609-BF50-D1E1A5D3F573}"
EndProject
Project("{FAE04EC0-301F-11D3-BF4B-00C04F79EFBC}") = "008_Data1", "008_Data1\008_Data1.csproj", "{15B8E917-30B4-43D1-AE16-74B6FA57945F}"
EndProject
Project("{FAE04EC0-301F-11D3-BF4B-00C04F79EFBC}") = "009_Data2", "009_Data2\009_Data2.csproj", "{B61F9260-3110-4376-9AB7-888387008C7B}"
EndProject
Project("{FAE04EC0-301F-11D3-BF4B-00C04F79EFBC}") = "010_Data3", "010_Data3\010_Data3.csproj", "{A8F21397-06FB-48F7-B23A-D50DCECFAE74}"
EndProject
Project("{FAE04EC0-301F-11D3-BF4B-00C04F79EFBC}") = "011_Data4", "011_Data4\011_Data4.csproj", "{F22F84E3-8AC2-4381-B831-A77420604B81}"
EndProject
Project("{FAE04EC0-301F-11D3-BF4B-00C04F79EFBC}") = "012_Data5", "012_Data5\012_Data5.csproj", "{7FCF4A2D-3245-4DA1-A036-08A324F68F82}"
EndProject
Project("{FAE04EC0-301F-11D3-BF4B-00C04F79EFBC}") = "013_Data6", "013_Data6\013_Data6.csproj", "{AE6AE6B5-7D65-45AD-B26A-E8992CF4ADBF}"
EndProject
Project("{FAE04EC0-301F-11D3-BF4B-00C04F79EFBC}") = "006_Variable", "006_Variable\006_Variable.csproj", "{500BD5C3-D079-4F76-B9A8-8778A9B1A6CC}"
EndProject
Project("{FAE04EC0-301F-11D3-BF4B-00C04F79EFBC}") = "014_Data7", "014_Data7\014_Data7.csproj", "{C9ADBE22-525B-44E5-B814-FDD1972C21B3}"
EndProject
Project("{FAE04EC0-301F-11D3-BF4B-00C04F79EFBC}") = "015_Data8", "015_Data8\015_Data8.csproj", "{E592CA0C-2FD8-4337-831A-7DCAAAD87676}"
EndProject
Project("{FAE04EC0-301F-11D3-BF4B-00C04F79EFBC}") = "016_String", "016_String\016_String.csproj", "{B01EA39D-1CC9-4927-9F71-CDC516C1267B}"
EndProject
Project("{FAE04EC0-301F-11D3-BF4B-00C04F79EFBC}") = "017_Data_bool", "017_Data_bool\017_Data_bool.csproj", "{6F4493B1-F33A-4502-8045-AA0BAE4EFE05}"
EndProject
Project("{FAE04EC0-301F-11D3-BF4B-00C04F79EFBC}") = "018_Data_object", "018_Data_object\018_Data_object.csproj", "{A98D0954-1F0A-4C52-82CF-88BEBB6B1EFA}"
EndProject
Project("{FAE04EC0-301F-11D3-BF4B-00C04F79EFBC}") = "019_Data_enum", "019_Data_enum\019_Data_enum.csproj", "{C4559302-E10F-4B26-A600-B4A6D12DDDBD}"
EndProject
Project("{FAE04EC0-301F-11D3-BF4B-00C04F79EFBC}") = "020_Data_enum2", "020_Data_enum2\020_Data_enum2.csproj", "{BE3C1942-1CBE-46A9-B6EC-E80C1C35CC32}"
EndProject
Project("{FAE04EC0-301F-11D3-BF4B-00C04F79EFBC}") = "021_Data_nullable", "021_Data_nullable\021_Data_nullable.csproj", "{7C71233D-A614-4739-A122-E680957B63AA}"
EndProject
Project("{FAE04EC0-301F-11D3-BF4B-00C04F79EFBC}") = "022_Data_var", "022_Data_var\022_Data_var.csproj", "{7A123A19-3C3B-4263-90BA-660C62C4C89E}"
EndProject
Project("{FAE04EC0-301F-11D3-BF4B-00C04F79EFBC}") = "023_Data_const", "023_Data_const\023_Data_const.csproj", "{65527339-EE3A-4957-8271-6AEFC6B024C0}"
EndProject
Project("{FAE04EC0-301F-11D3-BF4B-00C04F79EFBC}") = "024_Data_cast", "024_Data_cast\024_Data_cast.csproj", "{2FA2D419-AB48-4F8A-9C41-51AC8DF8AB60}"
EndProject
Project("{FAE04EC0-301F-11D3-BF4B-00C04F79EFBC}") = "025_Data_ToString", "025_Data_ToString\025_Data_ToString.csproj", "{A83E8A09-D3CE-4FF7-AD49-4391028E41ED}"
EndProject
Project("{FAE04EC0-301F-11D3-BF4B-00C04F79EFBC}") = "026_Data_Parse", "026_Data_Parse\026_Data_Parse.csproj", "{E34E1A8A-8907-4192-99E1-42990BD9C366}"
EndProject
Project("{FAE04EC0-301F-11D3-BF4B-00C04F79EFBC}") = "027_Data_Convert", "027_Data_Convert\027_Data_Convert.csproj", "{CD2B5537-0E2F-44AE-ACD9-48812D5AA7BB}"
EndProject
Project("{FAE04EC0-301F-11D3-BF4B-00C04F79EFBC}") = "028_Data_Reference", "028_Data_Reference\028_Data_Reference.csproj", "{92BBD503-E12C-44A0-8976-50E24F3D7908}"
EndProject
Project("{FAE04EC0-301F-11D3-BF4B-00C04F79EFBC}") = "029_Data_boxing", "029_Data_boxing\029_Data_boxing.csproj", "{136CEE4E-62FD-43BB-BFA9-800AD26DEA33}"
EndProject
Project("{FAE04EC0-301F-11D3-BF4B-00C04F79EFBC}") = "030_ReadLine", "030_ReadLine\030_ReadLine.csproj", "{B7FA9307-90B6-424A-9B2C-6D4BF526A488}"
EndProject
Project("{FAE04EC0-301F-11D3-BF4B-00C04F79EFBC}") = "031_ReadLine2", "031_ReadLine2\031_ReadLine2.csproj", "{55A82A93-E695-4121-8CD6-B2664AD046BB}"
EndProject
Project("{FAE04EC0-301F-11D3-BF4B-00C04F79EFBC}") = "032_Check", "032_Check\032_Check.csproj", "{10C56DAE-220A-40B8-BCD5-7889DA51703D}"
EndProject
Project("{FAE04EC0-301F-11D3-BF4B-00C04F79EFBC}") = "033_Check", "033_Check\033_Check.csproj", "{1297BE7E-4118-4C5F-8EF1-40F910E958DC}"
EndProject
Project("{FAE04EC0-301F-11D3-BF4B-00C04F79EFBC}") = "034_Operator1", "034_Operator1\034_Operator1.csproj", "{8B65AEFA-69FE-4E71-84D8-E3601DA434A5}"
EndProject
Project("{FAE04EC0-301F-11D3-BF4B-00C04F79EFBC}") = "035_Operator2", "035_Operator2\035_Operator2.csproj", "{DB358FE3-8AB2-425A-A0D6-FCB5F8A1798D}"
EndProject
Project("{FAE04EC0-301F-11D3-BF4B-00C04F79EFBC}") = "036_01_Operator3", "036_01_Operator3\036_01_Operator3.csproj", "{6E450F10-B776-416F-81E0-953E197BCCAA}"
EndProject
Project("{FAE04EC0-301F-11D3-BF4B-00C04F79EFBC}") = "036_Operator3", "036_Operator3\036_Operator3.csproj", "{B6204317-F14E-4855-A232-64B3FFF78267}"
EndProject
Project("{FAE04EC0-301F-11D3-BF4B-00C04F79EFBC}") = "037_Operator4", "037_Operator4\037_Operator4.csproj", "{A0A7F19D-9315-4952-8A88-F3BCF965987C}"
EndProject
Project("{FAE04EC0-301F-11D3-BF4B-00C04F79EFBC}") = "038_Operator5", "038_Operator5\038_Operator5.csproj", "{E86565B3-B9B1-4BF4-B554-D59716079A56}"
EndProject
Project("{FAE04EC0-301F-11D3-BF4B-00C04F79EFBC}") = "039_Operator6", "039_Operator6\039_Operator6.csproj", "{B04F331F-7B94-4280-8926-33FAA87D7901}"
EndProject
Project("{FAE04EC0-301F-11D3-BF4B-00C04F79EFBC}") = "041_Operator_null", "041_Operator_null\041_Operator_null.csproj", "{BBE54769-797C-4E85-A984-D6BC75EF5ED8}"
EndProject
Project("{FAE04EC0-301F-11D3-BF4B-00C04F79EFBC}") = "042_Operator_Branch", "042_Operator_Branch\042_Operator_Branch.csproj", "{76076B81-3D38-4AE8-9E2A-52428530CB8A}"
EndProject
Project("{FAE04EC0-301F-11D3-BF4B-00C04F79EFBC}") = "043_Operator_Branch2", "043_Operator_Branch2\043_Operator_Branch2.csproj", "{0A695D98-04EB-4026-A92C-DBC032BEAA6A}"
EndProject
Project("{FAE04EC0-301F-11D3-BF4B-00C04F79EFBC}") = "044_Operator_Branch3", "044_Operator_Branch3\044_Operator_Branch3.csproj", "{24949DF9-D1F2-4315-AE90-1DFCD963C89D}"
EndProject
Project("{FAE04EC0-301F-11D3-BF4B-00C04F79EFBC}") = "045_Operator_switch", "045_Operator_switch\045_Operator_switch.csproj", "{C9C80E58-FED0-49B6-8C90-7D3B358AA9D0}"
EndProject
Project("{FAE04EC0-301F-11D3-BF4B-00C04F79EFBC}") = "046_Operator_switch", "046_Operator_switch\046_Operator_switch.csproj", "{585CDDF7-33E3-4148-ABE7-818B3A665DD4}"
EndProject
Project("{FAE04EC0-301F-11D3-BF4B-00C04F79EFBC}") = "047_Operator_while", "047_Operator_while\047_Operator_while.csproj", "{8DB3E3F4-9B59-4D8E-9EC7-4281A9B1E01E}"
EndProject
Project("{FAE04EC0-301F-11D3-BF4B-00C04F79EFBC}") = "048_Operator_do~while", "048_Operator_do~while\048_Operator_do~while.csproj", "{A0BB7E20-5CEF-44A9-AC44-2C3DC2550EC5}"
EndProject
Project("{FAE04EC0-301F-11D3-BF4B-00C04F79EFBC}") = "049_Operator_for", "049_Operator_for\049_Operator_for.csproj", "{DB86E329-7EF2-4E83-AFBE-BC2E7E9E4239}"
EndProject
Project("{FAE04EC0-301F-11D3-BF4B-00C04F79EFBC}") = "050_Operator_for_for", "050_Operator_for_for\050_Operator_for_for.csproj", "{E1B8139A-3965-4659-AC42-1082A71D45B7}"
EndProject
Project("{FAE04EC0-301F-11D3-BF4B-00C04F79EFBC}") = "051_Operator_while(true)", "051_Operator_while(true)\051_Operator_while(true).csproj", "{CB635FAA-8CA9-44C4-AD6D-FCF10C568F29}"
EndProject
Project("{FAE04EC0-301F-11D3-BF4B-00C04F79EFBC}") = "052_Operator_break", "052_Operator_break\052_Operator_break.csproj", "{3B9BF803-A054-412A-B7E0-6E1D18804B69}"
EndProject
Project("{FAE04EC0-301F-11D3-BF4B-00C04F79EFBC}") = "053_Operator_continue", "053_Operator_continue\053_Operator_continue.csproj", "{509EE0D5-7BCF-4456-97AA-3A7C5A0B46B2}"
EndProject
Project("{FAE04EC0-301F-11D3-BF4B-00C04F79EFBC}") = "054_Operator_goto", "054_Operator_goto\054_Operator_goto.csproj", "{F78FAD70-E978-4D46-BAAA-59C304E75F83}"
EndProject
Project("{FAE04EC0-301F-11D3-BF4B-00C04F79EFBC}") = "055_Check", "055_Check\055_Check.csproj", "{DF8BEB83-B64A-41C0-84F8-04A8622326F4}"
EndProject
Project("{FAE04EC0-301F-11D3-BF4B-00C04F79EFBC}") = "056_Check", "056_Check\056_Check.csproj", "{54273060-47CC-4EBB-8EC8-E8192C9A1CC2}"
EndProject
Project("{FAE04EC0-301F-11D3-BF4B-00C04F79EFBC}") = "057_Check", "057_Check\057_Check.csproj", "{EC206EC2-B6FB-432E-B4FF-B959B59CB0C6}"
EndProject
Global
	GlobalSection(SolutionConfigurationPlatforms) = preSolution
		Debug|Any CPU = Debug|Any CPU
		Release|Any CPU = Release|Any CPU
	EndGlobalSection
	GlobalSection(ProjectConfigurationPlatforms) = postSolution
		{18FC8847-90C9-4955-A79A-A9CFAC61F6B6}.Debug|Any CPU.ActiveCfg = Debug|Any CPU
		{18FC8847-90C9-4955-A79A-A9CFAC61F6B6}.Debug|Any CPU.Build.0 = Debug|Any CPU
		{18FC8847-90C9-4955-A79A-A9CFAC61F6B6}.Release|Any CPU.ActiveCfg = Release|Any CPU
		{18FC8847-90C9-4955-A79A-A9CFAC61F6B6}.Release|Any CPU.Build.0 = Release|Any CPU
		{110287C1-AF2A-4C66-B9B2-9476818EFC23}.Debug|Any CPU.ActiveCfg = Debug|Any CPU
		{110287C1-AF2A-4C66-B9B2-9476818EFC23}.Debug|Any CPU.Build.0 = Debug|Any CPU
		{110287C1-AF2A-4C66-B9B2-9476818EFC23}.Release|Any CPU.ActiveCfg = Release|Any CPU
		{110287C1-AF2A-4C66-B9B2-9476818EFC23}.Release|Any CPU.Build.0 = Release|Any CPU
		{045900D8-4FA0-48BA-B77F-8AC6B8A7A46E}.Debug|Any CPU.ActiveCfg = Debug|Any CPU
		{045900D8-4FA0-48BA-B77F-8AC6B8A7A46E}.Debug|Any CPU.Build.0 = Debug|Any CPU
		{045900D8-4FA0-48BA-B77F-8AC6B8A7A46E}.Release|Any CPU.ActiveCfg = Release|Any CPU
		{045900D8-4FA0-48BA-B77F-8AC6B8A7A46E}.Release|Any CPU.Build.0 = Release|Any CPU
		{E5FED1E0-E6CA-4FA6-A93D-9B0E39AA6135}.Debug|Any CPU.ActiveCfg = Debug|Any CPU
		{E5FED1E0-E6CA-4FA6-A93D-9B0E39AA6135}.Debug|Any CPU.Build.0 = Debug|Any CPU
		{E5FED1E0-E6CA-4FA6-A93D-9B0E39AA6135}.Release|Any CPU.ActiveCfg = Release|Any CPU
		{E5FED1E0-E6CA-4FA6-A93D-9B0E39AA6135}.Release|Any CPU.Build.0 = Release|Any CPU
		{0EF119F0-32B2-4B33-9089-2142A85F4FDD}.Debug|Any CPU.ActiveCfg = Debug|Any CPU
		{0EF119F0-32B2-4B33-9089-2142A85F4FDD}.Debug|Any CPU.Build.0 = Debug|Any CPU
		{0EF119F0-32B2-4B33-9089-2142A85F4FDD}.Release|Any CPU.ActiveCfg = Release|Any CPU
		{0EF119F0-32B2-4B33-9089-2142A85F4FDD}.Release|Any CPU.Build.0 = Release|Any CPU
		{9C5CB39D-24B7-4609-BF50-D1E1A5D3F573}.Debug|Any CPU.ActiveCfg = Debug|Any CPU
		{9C5CB39D-24B7-4609-BF50-D1E1A5D3F573}.Debug|Any CPU.Build.0 = Debug|Any CPU
		{9C5CB39D-24B7-4609-BF50-D1E1A5D3F573}.Release|Any CPU.ActiveCfg = Release|Any CPU
		{9C5CB39D-24B7-4609-BF50-D1E1A5D3F573}.Release|Any CPU.Build.0 = Release|Any CPU
		{15B8E917-30B4-43D1-AE16-74B6FA57945F}.Debug|Any CPU.ActiveCfg = Debug|Any CPU
		{15B8E917-30B4-43D1-AE16-74B6FA57945F}.Debug|Any CPU.Build.0 = Debug|Any CPU
		{15B8E917-30B4-43D1-AE16-74B6FA57945F}.Release|Any CPU.ActiveCfg = Release|Any CPU
		{15B8E917-30B4-43D1-AE16-74B6FA57945F}.Release|Any CPU.Build.0 = Release|Any CPU
		{B61F9260-3110-4376-9AB7-888387008C7B}.Debug|Any CPU.ActiveCfg = Debug|Any CPU
		{B61F9260-3110-4376-9AB7-888387008C7B}.Debug|Any CPU.Build.0 = Debug|Any CPU
		{B61F9260-3110-4376-9AB7-888387008C7B}.Release|Any CPU.ActiveCfg = Release|Any CPU
		{B61F9260-3110-4376-9AB7-888387008C7B}.Release|Any CPU.Build.0 = Release|Any CPU
		{A8F21397-06FB-48F7-B23A-D50DCECFAE74}.Debug|Any CPU.ActiveCfg = Debug|Any CPU
		{A8F21397-06FB-48F7-B23A-D50DCECFAE74}.Debug|Any CPU.Build.0 = Debug|Any CPU
		{A8F21397-06FB-48F7-B23A-D50DCECFAE74}.Release|Any CPU.ActiveCfg = Release|Any CPU
		{A8F21397-06FB-48F7-B23A-D50DCECFAE74}.Release|Any CPU.Build.0 = Release|Any CPU
		{F22F84E3-8AC2-4381-B831-A77420604B81}.Debug|Any CPU.ActiveCfg = Debug|Any CPU
		{F22F84E3-8AC2-4381-B831-A77420604B81}.Debug|Any CPU.Build.0 = Debug|Any CPU
		{F22F84E3-8AC2-4381-B831-A77420604B81}.Release|Any CPU.ActiveCfg = Release|Any CPU
		{F22F84E3-8AC2-4381-B831-A77420604B81}.Release|Any CPU.Build.0 = Release|Any CPU
		{7FCF4A2D-3245-4DA1-A036-08A324F68F82}.Debug|Any CPU.ActiveCfg = Debug|Any CPU
		{7FCF4A2D-3245-4DA1-A036-08A324F68F82}.Debug|Any CPU.Build.0 = Debug|Any CPU
		{7FCF4A2D-3245-4DA1-A036-08A324F68F82}.Release|Any CPU.ActiveCfg = Release|Any CPU
		{7FCF4A2D-3245-4DA1-A036-08A324F68F82}.Release|Any CPU.Build.0 = Release|Any CPU
		{AE6AE6B5-7D65-45AD-B26A-E8992CF4ADBF}.Debug|Any CPU.ActiveCfg = Debug|Any CPU
		{AE6AE6B5-7D65-45AD-B26A-E8992CF4ADBF}.Debug|Any CPU.Build.0 = Debug|Any CPU
		{AE6AE6B5-7D65-45AD-B26A-E8992CF4ADBF}.Release|Any CPU.ActiveCfg = Release|Any CPU
		{AE6AE6B5-7D65-45AD-B26A-E8992CF4ADBF}.Release|Any CPU.Build.0 = Release|Any CPU
		{500BD5C3-D079-4F76-B9A8-8778A9B1A6CC}.Debug|Any CPU.ActiveCfg = Debug|Any CPU
		{500BD5C3-D079-4F76-B9A8-8778A9B1A6CC}.Debug|Any CPU.Build.0 = Debug|Any CPU
		{500BD5C3-D079-4F76-B9A8-8778A9B1A6CC}.Release|Any CPU.ActiveCfg = Release|Any CPU
		{500BD5C3-D079-4F76-B9A8-8778A9B1A6CC}.Release|Any CPU.Build.0 = Release|Any CPU
		{C9ADBE22-525B-44E5-B814-FDD1972C21B3}.Debug|Any CPU.ActiveCfg = Debug|Any CPU
		{C9ADBE22-525B-44E5-B814-FDD1972C21B3}.Debug|Any CPU.Build.0 = Debug|Any CPU
		{C9ADBE22-525B-44E5-B814-FDD1972C21B3}.Release|Any CPU.ActiveCfg = Release|Any CPU
		{C9ADBE22-525B-44E5-B814-FDD1972C21B3}.Release|Any CPU.Build.0 = Release|Any CPU
		{E592CA0C-2FD8-4337-831A-7DCAAAD87676}.Debug|Any CPU.ActiveCfg = Debug|Any CPU
		{E592CA0C-2FD8-4337-831A-7DCAAAD87676}.Debug|Any CPU.Build.0 = Debug|Any CPU
		{E592CA0C-2FD8-4337-831A-7DCAAAD87676}.Release|Any CPU.ActiveCfg = Release|Any CPU
		{E592CA0C-2FD8-4337-831A-7DCAAAD87676}.Release|Any CPU.Build.0 = Release|Any CPU
		{B01EA39D-1CC9-4927-9F71-CDC516C1267B}.Debug|Any CPU.ActiveCfg = Debug|Any CPU
		{B01EA39D-1CC9-4927-9F71-CDC516C1267B}.Debug|Any CPU.Build.0 = Debug|Any CPU
		{B01EA39D-1CC9-4927-9F71-CDC516C1267B}.Release|Any CPU.ActiveCfg = Release|Any CPU
		{B01EA39D-1CC9-4927-9F71-CDC516C1267B}.Release|Any CPU.Build.0 = Release|Any CPU
		{6F4493B1-F33A-4502-8045-AA0BAE4EFE05}.Debug|Any CPU.ActiveCfg = Debug|Any CPU
		{6F4493B1-F33A-4502-8045-AA0BAE4EFE05}.Debug|Any CPU.Build.0 = Debug|Any CPU
		{6F4493B1-F33A-4502-8045-AA0BAE4EFE05}.Release|Any CPU.ActiveCfg = Release|Any CPU
		{6F4493B1-F33A-4502-8045-AA0BAE4EFE05}.Release|Any CPU.Build.0 = Release|Any CPU
		{A98D0954-1F0A-4C52-82CF-88BEBB6B1EFA}.Debug|Any CPU.ActiveCfg = Debug|Any CPU
		{A98D0954-1F0A-4C52-82CF-88BEBB6B1EFA}.Debug|Any CPU.Build.0 = Debug|Any CPU
		{A98D0954-1F0A-4C52-82CF-88BEBB6B1EFA}.Release|Any CPU.ActiveCfg = Release|Any CPU
		{A98D0954-1F0A-4C52-82CF-88BEBB6B1EFA}.Release|Any CPU.Build.0 = Release|Any CPU
		{C4559302-E10F-4B26-A600-B4A6D12DDDBD}.Debug|Any CPU.ActiveCfg = Debug|Any CPU
		{C4559302-E10F-4B26-A600-B4A6D12DDDBD}.Debug|Any CPU.Build.0 = Debug|Any CPU
		{C4559302-E10F-4B26-A600-B4A6D12DDDBD}.Release|Any CPU.ActiveCfg = Release|Any CPU
		{C4559302-E10F-4B26-A600-B4A6D12DDDBD}.Release|Any CPU.Build.0 = Release|Any CPU
		{BE3C1942-1CBE-46A9-B6EC-E80C1C35CC32}.Debug|Any CPU.ActiveCfg = Debug|Any CPU
		{BE3C1942-1CBE-46A9-B6EC-E80C1C35CC32}.Debug|Any CPU.Build.0 = Debug|Any CPU
		{BE3C1942-1CBE-46A9-B6EC-E80C1C35CC32}.Release|Any CPU.ActiveCfg = Release|Any CPU
		{BE3C1942-1CBE-46A9-B6EC-E80C1C35CC32}.Release|Any CPU.Build.0 = Release|Any CPU
		{7C71233D-A614-4739-A122-E680957B63AA}.Debug|Any CPU.ActiveCfg = Debug|Any CPU
		{7C71233D-A614-4739-A122-E680957B63AA}.Debug|Any CPU.Build.0 = Debug|Any CPU
		{7C71233D-A614-4739-A122-E680957B63AA}.Release|Any CPU.ActiveCfg = Release|Any CPU
		{7C71233D-A614-4739-A122-E680957B63AA}.Release|Any CPU.Build.0 = Release|Any CPU
		{7A123A19-3C3B-4263-90BA-660C62C4C89E}.Debug|Any CPU.ActiveCfg = Debug|Any CPU
		{7A123A19-3C3B-4263-90BA-660C62C4C89E}.Debug|Any CPU.Build.0 = Debug|Any CPU
		{7A123A19-3C3B-4263-90BA-660C62C4C89E}.Release|Any CPU.ActiveCfg = Release|Any CPU
		{7A123A19-3C3B-4263-90BA-660C62C4C89E}.Release|Any CPU.Build.0 = Release|Any CPU
		{65527339-EE3A-4957-8271-6AEFC6B024C0}.Debug|Any CPU.ActiveCfg = Debug|Any CPU
		{65527339-EE3A-4957-8271-6AEFC6B024C0}.Debug|Any CPU.Build.0 = Debug|Any CPU
		{65527339-EE3A-4957-8271-6AEFC6B024C0}.Release|Any CPU.ActiveCfg = Release|Any CPU
		{65527339-EE3A-4957-8271-6AEFC6B024C0}.Release|Any CPU.Build.0 = Release|Any CPU
		{2FA2D419-AB48-4F8A-9C41-51AC8DF8AB60}.Debug|Any CPU.ActiveCfg = Debug|Any CPU
		{2FA2D419-AB48-4F8A-9C41-51AC8DF8AB60}.Debug|Any CPU.Build.0 = Debug|Any CPU
		{2FA2D419-AB48-4F8A-9C41-51AC8DF8AB60}.Release|Any CPU.ActiveCfg = Release|Any CPU
		{2FA2D419-AB48-4F8A-9C41-51AC8DF8AB60}.Release|Any CPU.Build.0 = Release|Any CPU
		{A83E8A09-D3CE-4FF7-AD49-4391028E41ED}.Debug|Any CPU.ActiveCfg = Debug|Any CPU
		{A83E8A09-D3CE-4FF7-AD49-4391028E41ED}.Debug|Any CPU.Build.0 = Debug|Any CPU
		{A83E8A09-D3CE-4FF7-AD49-4391028E41ED}.Release|Any CPU.ActiveCfg = Release|Any CPU
		{A83E8A09-D3CE-4FF7-AD49-4391028E41ED}.Release|Any CPU.Build.0 = Release|Any CPU
		{E34E1A8A-8907-4192-99E1-42990BD9C366}.Debug|Any CPU.ActiveCfg = Debug|Any CPU
		{E34E1A8A-8907-4192-99E1-42990BD9C366}.Debug|Any CPU.Build.0 = Debug|Any CPU
		{E34E1A8A-8907-4192-99E1-42990BD9C366}.Release|Any CPU.ActiveCfg = Release|Any CPU
		{E34E1A8A-8907-4192-99E1-42990BD9C366}.Release|Any CPU.Build.0 = Release|Any CPU
		{CD2B5537-0E2F-44AE-ACD9-48812D5AA7BB}.Debug|Any CPU.ActiveCfg = Debug|Any CPU
		{CD2B5537-0E2F-44AE-ACD9-48812D5AA7BB}.Debug|Any CPU.Build.0 = Debug|Any CPU
		{CD2B5537-0E2F-44AE-ACD9-48812D5AA7BB}.Release|Any CPU.ActiveCfg = Release|Any CPU
		{CD2B5537-0E2F-44AE-ACD9-48812D5AA7BB}.Release|Any CPU.Build.0 = Release|Any CPU
		{92BBD503-E12C-44A0-8976-50E24F3D7908}.Debug|Any CPU.ActiveCfg = Debug|Any CPU
		{92BBD503-E12C-44A0-8976-50E24F3D7908}.Debug|Any CPU.Build.0 = Debug|Any CPU
		{92BBD503-E12C-44A0-8976-50E24F3D7908}.Release|Any CPU.ActiveCfg = Release|Any CPU
		{92BBD503-E12C-44A0-8976-50E24F3D7908}.Release|Any CPU.Build.0 = Release|Any CPU
		{136CEE4E-62FD-43BB-BFA9-800AD26DEA33}.Debug|Any CPU.ActiveCfg = Debug|Any CPU
		{136CEE4E-62FD-43BB-BFA9-800AD26DEA33}.Debug|Any CPU.Build.0 = Debug|Any CPU
		{136CEE4E-62FD-43BB-BFA9-800AD26DEA33}.Release|Any CPU.ActiveCfg = Release|Any CPU
		{136CEE4E-62FD-43BB-BFA9-800AD26DEA33}.Release|Any CPU.Build.0 = Release|Any CPU
		{B7FA9307-90B6-424A-9B2C-6D4BF526A488}.Debug|Any CPU.ActiveCfg = Debug|Any CPU
		{B7FA9307-90B6-424A-9B2C-6D4BF526A488}.Debug|Any CPU.Build.0 = Debug|Any CPU
		{B7FA9307-90B6-424A-9B2C-6D4BF526A488}.Release|Any CPU.ActiveCfg = Release|Any CPU
		{B7FA9307-90B6-424A-9B2C-6D4BF526A488}.Release|Any CPU.Build.0 = Release|Any CPU
		{55A82A93-E695-4121-8CD6-B2664AD046BB}.Debug|Any CPU.ActiveCfg = Debug|Any CPU
		{55A82A93-E695-4121-8CD6-B2664AD046BB}.Debug|Any CPU.Build.0 = Debug|Any CPU
		{55A82A93-E695-4121-8CD6-B2664AD046BB}.Release|Any CPU.ActiveCfg = Release|Any CPU
		{55A82A93-E695-4121-8CD6-B2664AD046BB}.Release|Any CPU.Build.0 = Release|Any CPU
		{10C56DAE-220A-40B8-BCD5-7889DA51703D}.Debug|Any CPU.ActiveCfg = Debug|Any CPU
		{10C56DAE-220A-40B8-BCD5-7889DA51703D}.Debug|Any CPU.Build.0 = Debug|Any CPU
		{10C56DAE-220A-40B8-BCD5-7889DA51703D}.Release|Any CPU.ActiveCfg = Release|Any CPU
		{10C56DAE-220A-40B8-BCD5-7889DA51703D}.Release|Any CPU.Build.0 = Release|Any CPU
		{1297BE7E-4118-4C5F-8EF1-40F910E958DC}.Debug|Any CPU.ActiveCfg = Debug|Any CPU
		{1297BE7E-4118-4C5F-8EF1-40F910E958DC}.Debug|Any CPU.Build.0 = Debug|Any CPU
		{1297BE7E-4118-4C5F-8EF1-40F910E958DC}.Release|Any CPU.ActiveCfg = Release|Any CPU
		{1297BE7E-4118-4C5F-8EF1-40F910E958DC}.Release|Any CPU.Build.0 = Release|Any CPU
		{8B65AEFA-69FE-4E71-84D8-E3601DA434A5}.Debug|Any CPU.ActiveCfg = Debug|Any CPU
		{8B65AEFA-69FE-4E71-84D8-E3601DA434A5}.Debug|Any CPU.Build.0 = Debug|Any CPU
		{8B65AEFA-69FE-4E71-84D8-E3601DA434A5}.Release|Any CPU.ActiveCfg = Release|Any CPU
		{8B65AEFA-69FE-4E71-84D8-E3601DA434A5}.Release|Any CPU.Build.0 = Release|Any CPU
		{DB358FE3-8AB2-425A-A0D6-FCB5F8A1798D}.Debug|Any CPU.ActiveCfg = Debug|Any CPU
		{DB358FE3-8AB2-425A-A0D6-FCB5F8A1798D}.Debug|Any CPU.Build.0 = Debug|Any CPU
		{DB358FE3-8AB2-425A-A0D6-FCB5F8A1798D}.Release|Any CPU.ActiveCfg = Release|Any CPU
		{DB358FE3-8AB2-425A-A0D6-FCB5F8A1798D}.Release|Any CPU.Build.0 = Release|Any CPU
		{6E450F10-B776-416F-81E0-953E197BCCAA}.Debug|Any CPU.ActiveCfg = Debug|Any CPU
		{6E450F10-B776-416F-81E0-953E197BCCAA}.Debug|Any CPU.Build.0 = Debug|Any CPU
		{6E450F10-B776-416F-81E0-953E197BCCAA}.Release|Any CPU.ActiveCfg = Release|Any CPU
		{6E450F10-B776-416F-81E0-953E197BCCAA}.Release|Any CPU.Build.0 = Release|Any CPU
		{B6204317-F14E-4855-A232-64B3FFF78267}.Debug|Any CPU.ActiveCfg = Debug|Any CPU
		{B6204317-F14E-4855-A232-64B3FFF78267}.Debug|Any CPU.Build.0 = Debug|Any CPU
		{B6204317-F14E-4855-A232-64B3FFF78267}.Release|Any CPU.ActiveCfg = Release|Any CPU
		{B6204317-F14E-4855-A232-64B3FFF78267}.Release|Any CPU.Build.0 = Release|Any CPU
		{A0A7F19D-9315-4952-8A88-F3BCF965987C}.Debug|Any CPU.ActiveCfg = Debug|Any CPU
		{A0A7F19D-9315-4952-8A88-F3BCF965987C}.Debug|Any CPU.Build.0 = Debug|Any CPU
		{A0A7F19D-9315-4952-8A88-F3BCF965987C}.Release|Any CPU.ActiveCfg = Release|Any CPU
		{A0A7F19D-9315-4952-8A88-F3BCF965987C}.Release|Any CPU.Build.0 = Release|Any CPU
		{E86565B3-B9B1-4BF4-B554-D59716079A56}.Debug|Any CPU.ActiveCfg = Debug|Any CPU
		{E86565B3-B9B1-4BF4-B554-D59716079A56}.Debug|Any CPU.Build.0 = Debug|Any CPU
		{E86565B3-B9B1-4BF4-B554-D59716079A56}.Release|Any CPU.ActiveCfg = Release|Any CPU
		{E86565B3-B9B1-4BF4-B554-D59716079A56}.Release|Any CPU.Build.0 = Release|Any CPU
		{B04F331F-7B94-4280-8926-33FAA87D7901}.Debug|Any CPU.ActiveCfg = Debug|Any CPU
		{B04F331F-7B94-4280-8926-33FAA87D7901}.Debug|Any CPU.Build.0 = Debug|Any CPU
		{B04F331F-7B94-4280-8926-33FAA87D7901}.Release|Any CPU.ActiveCfg = Release|Any CPU
		{B04F331F-7B94-4280-8926-33FAA87D7901}.Release|Any CPU.Build.0 = Release|Any CPU
		{BBE54769-797C-4E85-A984-D6BC75EF5ED8}.Debug|Any CPU.ActiveCfg = Debug|Any CPU
		{BBE54769-797C-4E85-A984-D6BC75EF5ED8}.Debug|Any CPU.Build.0 = Debug|Any CPU
		{BBE54769-797C-4E85-A984-D6BC75EF5ED8}.Release|Any CPU.ActiveCfg = Release|Any CPU
		{BBE54769-797C-4E85-A984-D6BC75EF5ED8}.Release|Any CPU.Build.0 = Release|Any CPU
		{76076B81-3D38-4AE8-9E2A-52428530CB8A}.Debug|Any CPU.ActiveCfg = Debug|Any CPU
		{76076B81-3D38-4AE8-9E2A-52428530CB8A}.Debug|Any CPU.Build.0 = Debug|Any CPU
		{76076B81-3D38-4AE8-9E2A-52428530CB8A}.Release|Any CPU.ActiveCfg = Release|Any CPU
		{76076B81-3D38-4AE8-9E2A-52428530CB8A}.Release|Any CPU.Build.0 = Release|Any CPU
		{0A695D98-04EB-4026-A92C-DBC032BEAA6A}.Debug|Any CPU.ActiveCfg = Debug|Any CPU
		{0A695D98-04EB-4026-A92C-DBC032BEAA6A}.Debug|Any CPU.Build.0 = Debug|Any CPU
		{0A695D98-04EB-4026-A92C-DBC032BEAA6A}.Release|Any CPU.ActiveCfg = Release|Any CPU
		{0A695D98-04EB-4026-A92C-DBC032BEAA6A}.Release|Any CPU.Build.0 = Release|Any CPU
		{24949DF9-D1F2-4315-AE90-1DFCD963C89D}.Debug|Any CPU.ActiveCfg = Debug|Any CPU
		{24949DF9-D1F2-4315-AE90-1DFCD963C89D}.Debug|Any CPU.Build.0 = Debug|Any CPU
		{24949DF9-D1F2-4315-AE90-1DFCD963C89D}.Release|Any CPU.ActiveCfg = Release|Any CPU
		{24949DF9-D1F2-4315-AE90-1DFCD963C89D}.Release|Any CPU.Build.0 = Release|Any CPU
		{C9C80E58-FED0-49B6-8C90-7D3B358AA9D0}.Debug|Any CPU.ActiveCfg = Debug|Any CPU
		{C9C80E58-FED0-49B6-8C90-7D3B358AA9D0}.Debug|Any CPU.Build.0 = Debug|Any CPU
		{C9C80E58-FED0-49B6-8C90-7D3B358AA9D0}.Release|Any CPU.ActiveCfg = Release|Any CPU
		{C9C80E58-FED0-49B6-8C90-7D3B358AA9D0}.Release|Any CPU.Build.0 = Release|Any CPU
		{585CDDF7-33E3-4148-ABE7-818B3A665DD4}.Debug|Any CPU.ActiveCfg = Debug|Any CPU
		{585CDDF7-33E3-4148-ABE7-818B3A665DD4}.Debug|Any CPU.Build.0 = Debug|Any CPU
		{585CDDF7-33E3-4148-ABE7-818B3A665DD4}.Release|Any CPU.ActiveCfg = Release|Any CPU
		{585CDDF7-33E3-4148-ABE7-818B3A665DD4}.Release|Any CPU.Build.0 = Release|Any CPU
		{8DB3E3F4-9B59-4D8E-9EC7-4281A9B1E01E}.Debug|Any CPU.ActiveCfg = Debug|Any CPU
		{8DB3E3F4-9B59-4D8E-9EC7-4281A9B1E01E}.Debug|Any CPU.Build.0 = Debug|Any CPU
		{8DB3E3F4-9B59-4D8E-9EC7-4281A9B1E01E}.Release|Any CPU.ActiveCfg = Release|Any CPU
		{8DB3E3F4-9B59-4D8E-9EC7-4281A9B1E01E}.Release|Any CPU.Build.0 = Release|Any CPU
		{A0BB7E20-5CEF-44A9-AC44-2C3DC2550EC5}.Debug|Any CPU.ActiveCfg = Debug|Any CPU
		{A0BB7E20-5CEF-44A9-AC44-2C3DC2550EC5}.Debug|Any CPU.Build.0 = Debug|Any CPU
		{A0BB7E20-5CEF-44A9-AC44-2C3DC2550EC5}.Release|Any CPU.ActiveCfg = Release|Any CPU
		{A0BB7E20-5CEF-44A9-AC44-2C3DC2550EC5}.Release|Any CPU.Build.0 = Release|Any CPU
		{DB86E329-7EF2-4E83-AFBE-BC2E7E9E4239}.Debug|Any CPU.ActiveCfg = Debug|Any CPU
		{DB86E329-7EF2-4E83-AFBE-BC2E7E9E4239}.Debug|Any CPU.Build.0 = Debug|Any CPU
		{DB86E329-7EF2-4E83-AFBE-BC2E7E9E4239}.Release|Any CPU.ActiveCfg = Release|Any CPU
		{DB86E329-7EF2-4E83-AFBE-BC2E7E9E4239}.Release|Any CPU.Build.0 = Release|Any CPU
		{E1B8139A-3965-4659-AC42-1082A71D45B7}.Debug|Any CPU.ActiveCfg = Debug|Any CPU
		{E1B8139A-3965-4659-AC42-1082A71D45B7}.Debug|Any CPU.Build.0 = Debug|Any CPU
		{E1B8139A-3965-4659-AC42-1082A71D45B7}.Release|Any CPU.ActiveCfg = Release|Any CPU
		{E1B8139A-3965-4659-AC42-1082A71D45B7}.Release|Any CPU.Build.0 = Release|Any CPU
		{CB635FAA-8CA9-44C4-AD6D-FCF10C568F29}.Debug|Any CPU.ActiveCfg = Debug|Any CPU
		{CB635FAA-8CA9-44C4-AD6D-FCF10C568F29}.Debug|Any CPU.Build.0 = Debug|Any CPU
		{CB635FAA-8CA9-44C4-AD6D-FCF10C568F29}.Release|Any CPU.ActiveCfg = Release|Any CPU
		{CB635FAA-8CA9-44C4-AD6D-FCF10C568F29}.Release|Any CPU.Build.0 = Release|Any CPU
		{3B9BF803-A054-412A-B7E0-6E1D18804B69}.Debug|Any CPU.ActiveCfg = Debug|Any CPU
		{3B9BF803-A054-412A-B7E0-6E1D18804B69}.Debug|Any CPU.Build.0 = Debug|Any CPU
		{3B9BF803-A054-412A-B7E0-6E1D18804B69}.Release|Any CPU.ActiveCfg = Release|Any CPU
		{3B9BF803-A054-412A-B7E0-6E1D18804B69}.Release|Any CPU.Build.0 = Release|Any CPU
		{509EE0D5-7BCF-4456-97AA-3A7C5A0B46B2}.Debug|Any CPU.ActiveCfg = Debug|Any CPU
		{509EE0D5-7BCF-4456-97AA-3A7C5A0B46B2}.Debug|Any CPU.Build.0 = Debug|Any CPU
		{509EE0D5-7BCF-4456-97AA-3A7C5A0B46B2}.Release|Any CPU.ActiveCfg = Release|Any CPU
		{509EE0D5-7BCF-4456-97AA-3A7C5A0B46B2}.Release|Any CPU.Build.0 = Release|Any CPU
		{F78FAD70-E978-4D46-BAAA-59C304E75F83}.Debug|Any CPU.ActiveCfg = Debug|Any CPU
		{F78FAD70-E978-4D46-BAAA-59C304E75F83}.Debug|Any CPU.Build.0 = Debug|Any CPU
		{F78FAD70-E978-4D46-BAAA-59C304E75F83}.Release|Any CPU.ActiveCfg = Release|Any CPU
		{F78FAD70-E978-4D46-BAAA-59C304E75F83}.Release|Any CPU.Build.0 = Release|Any CPU
		{DF8BEB83-B64A-41C0-84F8-04A8622326F4}.Debug|Any CPU.ActiveCfg = Debug|Any CPU
		{DF8BEB83-B64A-41C0-84F8-04A8622326F4}.Debug|Any CPU.Build.0 = Debug|Any CPU
		{DF8BEB83-B64A-41C0-84F8-04A8622326F4}.Release|Any CPU.ActiveCfg = Release|Any CPU
		{DF8BEB83-B64A-41C0-84F8-04A8622326F4}.Release|Any CPU.Build.0 = Release|Any CPU
		{54273060-47CC-4EBB-8EC8-E8192C9A1CC2}.Debug|Any CPU.ActiveCfg = Debug|Any CPU
		{54273060-47CC-4EBB-8EC8-E8192C9A1CC2}.Debug|Any CPU.Build.0 = Debug|Any CPU
		{54273060-47CC-4EBB-8EC8-E8192C9A1CC2}.Release|Any CPU.ActiveCfg = Release|Any CPU
		{54273060-47CC-4EBB-8EC8-E8192C9A1CC2}.Release|Any CPU.Build.0 = Release|Any CPU
		{EC206EC2-B6FB-432E-B4FF-B959B59CB0C6}.Debug|Any CPU.ActiveCfg = Debug|Any CPU
		{EC206EC2-B6FB-432E-B4FF-B959B59CB0C6}.Debug|Any CPU.Build.0 = Debug|Any CPU
		{EC206EC2-B6FB-432E-B4FF-B959B59CB0C6}.Release|Any CPU.ActiveCfg = Release|Any CPU
		{EC206EC2-B6FB-432E-B4FF-B959B59CB0C6}.Release|Any CPU.Build.0 = Release|Any CPU
	EndGlobalSection
	GlobalSection(SolutionProperties) = preSolution
		HideSolutionNode = FALSE
	EndGlobalSection
	GlobalSection(ExtensibilityGlobals) = postSolution
		SolutionGuid = {D1F78CCB-513C-44E0-BE81-73FBD70DD386}
	EndGlobalSection
EndGlobal
